// !$*UTF8*$!
{
	archiveVersion = 1;
	classes = {
	};
	objectVersion = 51;
	objects = {

/* Begin PBXBuildFile section */
		183A0B2E243B58B5006A67DD /* Assets.xcassets in Resources */ = {isa = PBXBuildFile; fileRef = 183A0B2D243B58B5006A67DD /* Assets.xcassets */; };
		183A0B32243C737A006A67DD /* OTPViewController.swift in Sources */ = {isa = PBXBuildFile; fileRef = 183A0B31243C737A006A67DD /* OTPViewController.swift */; };
		1858E09C243AF81800FC403E /* AppDelegate.swift in Sources */ = {isa = PBXBuildFile; fileRef = 1858E09B243AF81800FC403E /* AppDelegate.swift */; };
		1858E09E243AF81800FC403E /* SceneDelegate.swift in Sources */ = {isa = PBXBuildFile; fileRef = 1858E09D243AF81800FC403E /* SceneDelegate.swift */; };
		1858E0A3243AF81800FC403E /* Main.storyboard in Resources */ = {isa = PBXBuildFile; fileRef = 1858E0A1243AF81800FC403E /* Main.storyboard */; };
		1858E0A8243AF81900FC403E /* LaunchScreen.storyboard in Resources */ = {isa = PBXBuildFile; fileRef = 1858E0A6243AF81900FC403E /* LaunchScreen.storyboard */; };
		2269148814B9D73B396BED08 /* Pods_Kiraanacart.framework in Frameworks */ = {isa = PBXBuildFile; fileRef = A1B0A3CCF985189E370F07DA /* Pods_Kiraanacart.framework */; };
		9406E9C5245445FA0095DD7A /* Theme.swift in Sources */ = {isa = PBXBuildFile; fileRef = 9406E9BF245445F90095DD7A /* Theme.swift */; };
		9406E9C6245445FA0095DD7A /* StringExtentions.swift in Sources */ = {isa = PBXBuildFile; fileRef = 9406E9C0245445F90095DD7A /* StringExtentions.swift */; };
		9406E9C7245445FA0095DD7A /* TagCollectionCell.swift in Sources */ = {isa = PBXBuildFile; fileRef = 9406E9C1245445FA0095DD7A /* TagCollectionCell.swift */; };
		9406E9C8245445FA0095DD7A /* TaglistCollection.swift in Sources */ = {isa = PBXBuildFile; fileRef = 9406E9C2245445FA0095DD7A /* TaglistCollection.swift */; };
		9406E9C9245445FA0095DD7A /* TagCollectionCell.xib in Resources */ = {isa = PBXBuildFile; fileRef = 9406E9C3245445FA0095DD7A /* TagCollectionCell.xib */; };
		9406E9CA245445FA0095DD7A /* CloseButton.swift in Sources */ = {isa = PBXBuildFile; fileRef = 9406E9C4245445FA0095DD7A /* CloseButton.swift */; };
		940E1D4324457B8E009AB382 /* OrderViewController.swift in Sources */ = {isa = PBXBuildFile; fileRef = 940E1D4224457B8E009AB382 /* OrderViewController.swift */; };
		940E1D4524457BB1009AB382 /* offers.swift in Sources */ = {isa = PBXBuildFile; fileRef = 940E1D4424457BB1009AB382 /* offers.swift */; };
		941D0EB5244ECB2E0027E6FC /* OrderDetailsStoryboard.storyboard in Resources */ = {isa = PBXBuildFile; fileRef = 941D0EB4244ECB2E0027E6FC /* OrderDetailsStoryboard.storyboard */; };
		941D0EB7244EDBCD0027E6FC /* OrderDetailsViewController.swift in Sources */ = {isa = PBXBuildFile; fileRef = 941D0EB6244EDBCD0027E6FC /* OrderDetailsViewController.swift */; };
		941D0EB9244EDC110027E6FC /* orderDetailsTableViewCell.swift in Sources */ = {isa = PBXBuildFile; fileRef = 941D0EB8244EDC110027E6FC /* orderDetailsTableViewCell.swift */; };
		9420BEAC244828A600CAF4B6 /* SupportStoryboard.storyboard in Resources */ = {isa = PBXBuildFile; fileRef = 9420BEAB244828A600CAF4B6 /* SupportStoryboard.storyboard */; };
		9420BEAE244828C800CAF4B6 /* SupportViewController.swift in Sources */ = {isa = PBXBuildFile; fileRef = 9420BEAD244828C800CAF4B6 /* SupportViewController.swift */; };
		9420BEB124482A4900CAF4B6 /* NotificationStoryboard.storyboard in Resources */ = {isa = PBXBuildFile; fileRef = 9420BEB024482A4900CAF4B6 /* NotificationStoryboard.storyboard */; };
		9420BEB324482A5B00CAF4B6 /* NotificationViewController.swift in Sources */ = {isa = PBXBuildFile; fileRef = 9420BEB224482A5B00CAF4B6 /* NotificationViewController.swift */; };
		9420BEB624482DF600CAF4B6 /* NotificationTableViewCell.swift in Sources */ = {isa = PBXBuildFile; fileRef = 9420BEB524482DF600CAF4B6 /* NotificationTableViewCell.swift */; };
		9420BEB82448373D00CAF4B6 /* ContactusViewController.swift in Sources */ = {isa = PBXBuildFile; fileRef = 9420BEB72448373D00CAF4B6 /* ContactusViewController.swift */; };
		9420BEBC2448429200CAF4B6 /* KMPlaceholderTextView.swift in Sources */ = {isa = PBXBuildFile; fileRef = 9420BEBB2448429200CAF4B6 /* KMPlaceholderTextView.swift */; };
		9426B62D244DBF50008BF6D9 /* CuponsStoryboard.storyboard in Resources */ = {isa = PBXBuildFile; fileRef = 9426B62C244DBF50008BF6D9 /* CuponsStoryboard.storyboard */; };
		9426B62F244DBF71008BF6D9 /* CuponsViewController.swift in Sources */ = {isa = PBXBuildFile; fileRef = 9426B62E244DBF71008BF6D9 /* CuponsViewController.swift */; };
		942743B124497984001BEE95 /* itemsViewController.swift in Sources */ = {isa = PBXBuildFile; fileRef = 942743B024497984001BEE95 /* itemsViewController.swift */; };
		942744632449BFD1001BEE95 /* SJShadow.swift in Sources */ = {isa = PBXBuildFile; fileRef = 9427445C2449BFD0001BEE95 /* SJShadow.swift */; };
		942744642449BFD1001BEE95 /* SJUtil.swift in Sources */ = {isa = PBXBuildFile; fileRef = 9427445D2449BFD1001BEE95 /* SJUtil.swift */; };
		942744652449BFD1001BEE95 /* SJSegmentTab.swift in Sources */ = {isa = PBXBuildFile; fileRef = 9427445E2449BFD1001BEE95 /* SJSegmentTab.swift */; };
		942744662449BFD1001BEE95 /* SJSegmentedViewController.swift in Sources */ = {isa = PBXBuildFile; fileRef = 9427445F2449BFD1001BEE95 /* SJSegmentedViewController.swift */; };
		942744672449BFD2001BEE95 /* SJContentView.swift in Sources */ = {isa = PBXBuildFile; fileRef = 942744602449BFD1001BEE95 /* SJContentView.swift */; };
		942744682449BFD2001BEE95 /* SJSegmentedScrollView.swift in Sources */ = {isa = PBXBuildFile; fileRef = 942744612449BFD1001BEE95 /* SJSegmentedScrollView.swift */; };
		942744692449BFD2001BEE95 /* SJSegmentView.swift in Sources */ = {isa = PBXBuildFile; fileRef = 942744622449BFD1001BEE95 /* SJSegmentView.swift */; };
		942A10BC24517D0100B05C39 /* AddAddressStoryboard.storyboard in Resources */ = {isa = PBXBuildFile; fileRef = 942A10BB24517D0100B05C39 /* AddAddressStoryboard.storyboard */; };
		942A10BE24517D1200B05C39 /* AddAddressViewController.swift in Sources */ = {isa = PBXBuildFile; fileRef = 942A10BD24517D1200B05C39 /* AddAddressViewController.swift */; };
		942A10C124517DA900B05C39 /* SlotDetailsStoryboard.storyboard in Resources */ = {isa = PBXBuildFile; fileRef = 942A10C024517DA900B05C39 /* SlotDetailsStoryboard.storyboard */; };
		942A10C324517DCE00B05C39 /* SlotDetailsViewController.swift in Sources */ = {isa = PBXBuildFile; fileRef = 942A10C224517DCE00B05C39 /* SlotDetailsViewController.swift */; };
		942A10C624517DF800B05C39 /* DelveryDetailsStoryboard.storyboard in Resources */ = {isa = PBXBuildFile; fileRef = 942A10C524517DF800B05C39 /* DelveryDetailsStoryboard.storyboard */; };
		942A10C824517E0900B05C39 /* DeliveryDetailsViewController.swift in Sources */ = {isa = PBXBuildFile; fileRef = 942A10C724517E0900B05C39 /* DeliveryDetailsViewController.swift */; };
		942AB09524559C5300184D7D /* LoginStoryboard.storyboard in Resources */ = {isa = PBXBuildFile; fileRef = 942AB09124559C5300184D7D /* LoginStoryboard.storyboard */; };
		942AB09624559C5300184D7D /* LoginViewController.swift in Sources */ = {isa = PBXBuildFile; fileRef = 942AB09224559C5300184D7D /* LoginViewController.swift */; };
		942AB09724559C5300184D7D /* 200x200.png in Resources */ = {isa = PBXBuildFile; fileRef = 942AB09324559C5300184D7D /* 200x200.png */; };
		942AB09824559C5300184D7D /* OtpViewController.swift in Sources */ = {isa = PBXBuildFile; fileRef = 942AB09424559C5300184D7D /* OtpViewController.swift */; };
		942AB09E24559CA400184D7D /* MainViewController.swift in Sources */ = {isa = PBXBuildFile; fileRef = 942AB09A24559CA300184D7D /* MainViewController.swift */; };
		942AB09F24559CA400184D7D /* ViewControllerPage1.swift in Sources */ = {isa = PBXBuildFile; fileRef = 942AB09B24559CA300184D7D /* ViewControllerPage1.swift */; };
		942AB0A024559CA400184D7D /* ViewControllerPage2.swift in Sources */ = {isa = PBXBuildFile; fileRef = 942AB09C24559CA300184D7D /* ViewControllerPage2.swift */; };
		942AB0A124559CA400184D7D /* ViewControllerPage3.swift in Sources */ = {isa = PBXBuildFile; fileRef = 942AB09D24559CA400184D7D /* ViewControllerPage3.swift */; };
		9431E0852446C9F000E79F55 /* WalletStoryboard.storyboard in Resources */ = {isa = PBXBuildFile; fileRef = 9431E0842446C9F000E79F55 /* WalletStoryboard.storyboard */; };
		9431E08A2446CB5500E79F55 /* walletViewController.swift in Sources */ = {isa = PBXBuildFile; fileRef = 9431E0892446CB5500E79F55 /* walletViewController.swift */; };
		9431E08C2446E3D600E79F55 /* HomeNavigtionViewController.swift in Sources */ = {isa = PBXBuildFile; fileRef = 9431E08B2446E3D600E79F55 /* HomeNavigtionViewController.swift */; };
		9431E0982446FAB100E79F55 /* ReferStoryboard.storyboard in Resources */ = {isa = PBXBuildFile; fileRef = 9431E0972446FAB100E79F55 /* ReferStoryboard.storyboard */; };
		9431E09A2446FAC000E79F55 /* ReferViewController.swift in Sources */ = {isa = PBXBuildFile; fileRef = 9431E0992446FAC000E79F55 /* ReferViewController.swift */; };
		94328D1A244DD238005158FD /* CuponTableViewCell.swift in Sources */ = {isa = PBXBuildFile; fileRef = 94328D19244DD238005158FD /* CuponTableViewCell.swift */; };
		943A3F20244ADFF600E2B6FC /* OrderTableViewCell.swift in Sources */ = {isa = PBXBuildFile; fileRef = 943A3F1F244ADFF600E2B6FC /* OrderTableViewCell.swift */; };
		943A3F22244AF5D600E2B6FC /* OffersTableViewCell.swift in Sources */ = {isa = PBXBuildFile; fileRef = 943A3F21244AF5D600E2B6FC /* OffersTableViewCell.swift */; };
		943A3F25244B026500E2B6FC /* ChangePasswordStoryboard.storyboard in Resources */ = {isa = PBXBuildFile; fileRef = 943A3F24244B026500E2B6FC /* ChangePasswordStoryboard.storyboard */; };
		943A3F27244B028800E2B6FC /* ChangePasswordViewController.swift in Sources */ = {isa = PBXBuildFile; fileRef = 943A3F26244B028800E2B6FC /* ChangePasswordViewController.swift */; };
		943A3F2A244B089200E2B6FC /* PrivacyStoryboard.storyboard in Resources */ = {isa = PBXBuildFile; fileRef = 943A3F29244B089200E2B6FC /* PrivacyStoryboard.storyboard */; };
		943A3F2C244B08A200E2B6FC /* PrivacyViewController.swift in Sources */ = {isa = PBXBuildFile; fileRef = 943A3F2B244B08A200E2B6FC /* PrivacyViewController.swift */; };
		944B09CB244C9875002A8AC3 /* ManageAddressStoryboard.storyboard in Resources */ = {isa = PBXBuildFile; fileRef = 944B09CA244C9875002A8AC3 /* ManageAddressStoryboard.storyboard */; };
		944B09CD244C9886002A8AC3 /* ManageAddressViewController.swift in Sources */ = {isa = PBXBuildFile; fileRef = 944B09CC244C9886002A8AC3 /* ManageAddressViewController.swift */; };
		944B2044244C3C7E00A4BCEE /* HomepageViewController.swift in Sources */ = {isa = PBXBuildFile; fileRef = 944B2043244C3C7E00A4BCEE /* HomepageViewController.swift */; };
		944B2046244C521100A4BCEE /* CustomListCollectionViewCell.swift in Sources */ = {isa = PBXBuildFile; fileRef = 944B2045244C521100A4BCEE /* CustomListCollectionViewCell.swift */; };
		944D36D024419320003D73EA /* ListOfStoresStoryboard.storyboard in Resources */ = {isa = PBXBuildFile; fileRef = 944D36CF24419320003D73EA /* ListOfStoresStoryboard.storyboard */; };
		944D36D224419347003D73EA /* ListOfStoresViewController.swift in Sources */ = {isa = PBXBuildFile; fileRef = 944D36D124419347003D73EA /* ListOfStoresViewController.swift */; };
		944D36D52441A652003D73EA /* CustomTableViewCell.swift in Sources */ = {isa = PBXBuildFile; fileRef = 944D36D42441A652003D73EA /* CustomTableViewCell.swift */; };
		945A1EE32449DC7100106B5C /* MyCustomCell.xib in Resources */ = {isa = PBXBuildFile; fileRef = 945A1EE22449DC7100106B5C /* MyCustomCell.xib */; };
		945A1EE52449DC8B00106B5C /* MyCustomCell.swift in Sources */ = {isa = PBXBuildFile; fileRef = 945A1EE42449DC8B00106B5C /* MyCustomCell.swift */; };
		94633E7E245468B3003E3CEE /* BmoViewPager.framework in Frameworks */ = {isa = PBXBuildFile; fileRef = 94633E7D245468B3003E3CEE /* BmoViewPager.framework */; };
		94633E80245469F9003E3CEE /* FirstTableViewController.swift in Sources */ = {isa = PBXBuildFile; fileRef = 94633E7F245469F8003E3CEE /* FirstTableViewController.swift */; };
		94633E8224546A08003E3CEE /* SecondTableViewController.swift in Sources */ = {isa = PBXBuildFile; fileRef = 94633E8124546A08003E3CEE /* SecondTableViewController.swift */; };
		94633E8424546A17003E3CEE /* ThirdTableViewController.swift in Sources */ = {isa = PBXBuildFile; fileRef = 94633E8324546A17003E3CEE /* ThirdTableViewController.swift */; };
		94633E8624546BF4003E3CEE /* UnderLineView.swift in Sources */ = {isa = PBXBuildFile; fileRef = 94633E8524546BF4003E3CEE /* UnderLineView.swift */; };
		946A124D243DC8B000CABD78 /* Slide.xib in Resources */ = {isa = PBXBuildFile; fileRef = 946A124B243DC8AF00CABD78 /* Slide.xib */; };
		946A124E243DC8B000CABD78 /* Slide.swift in Sources */ = {isa = PBXBuildFile; fileRef = 946A124C243DC8B000CABD78 /* Slide.swift */; };
		946A1250243DC8C400CABD78 /* initialViewController.swift in Sources */ = {isa = PBXBuildFile; fileRef = 946A124F243DC8C300CABD78 /* initialViewController.swift */; };
		946A8A0A2452ABEE00673D83 /* IntialpageViewController.swift in Sources */ = {isa = PBXBuildFile; fileRef = 946A8A092452ABEE00673D83 /* IntialpageViewController.swift */; };
		9475DBAF244301B400421D47 /* userProfileViewController.swift in Sources */ = {isa = PBXBuildFile; fileRef = 9475DBAE244301B400421D47 /* userProfileViewController.swift */; };
		9475DBB124430C5100421D47 /* profileTableViewCell.swift in Sources */ = {isa = PBXBuildFile; fileRef = 9475DBB024430C5100421D47 /* profileTableViewCell.swift */; };
		9475DBB3244320F900421D47 /* Extensionss.swift in Sources */ = {isa = PBXBuildFile; fileRef = 9475DBB2244320F900421D47 /* Extensionss.swift */; };
		947E2150245060D5004A8EC8 /* CalendarView.swift in Sources */ = {isa = PBXBuildFile; fileRef = 947E214F245060D4004A8EC8 /* CalendarView.swift */; };
		947F3F8A243F341F00D61CFA /* TermsAndCondtion.storyboard in Resources */ = {isa = PBXBuildFile; fileRef = 947F3F89243F341F00D61CFA /* TermsAndCondtion.storyboard */; };
		947F3F8C243F34F400D61CFA /* TermsCondtionViewController.swift in Sources */ = {isa = PBXBuildFile; fileRef = 947F3F8B243F34F400D61CFA /* TermsCondtionViewController.swift */; };
		9482FCE1243F46F800A238CF /* MobileLoginViewController.swift in Sources */ = {isa = PBXBuildFile; fileRef = 9482FCE0243F46F800A238CF /* MobileLoginViewController.swift */; };
		94862A0A2450104A00F3BB06 /* Constant.swift in Sources */ = {isa = PBXBuildFile; fileRef = 94862A092450104A00F3BB06 /* Constant.swift */; };
		94986EB624443B4F004F7A80 /* profileStoryboard.storyboard in Resources */ = {isa = PBXBuildFile; fileRef = 94986EB524443B4F004F7A80 /* profileStoryboard.storyboard */; };
		94986EB824443D6F004F7A80 /* userinfoTableViewController.swift in Sources */ = {isa = PBXBuildFile; fileRef = 94986EB724443D6F004F7A80 /* userinfoTableViewController.swift */; };
		94B46144244D7F9E00AB53E9 /* ManageTableViewCell.swift in Sources */ = {isa = PBXBuildFile; fileRef = 94B46143244D7F9E00AB53E9 /* ManageTableViewCell.swift */; };
		94B46146244D92D000AB53E9 /* CartStoryboard.storyboard in Resources */ = {isa = PBXBuildFile; fileRef = 94B46145244D92D000AB53E9 /* CartStoryboard.storyboard */; };
		94B46148244D92EB00AB53E9 /* AddCartViewController.swift in Sources */ = {isa = PBXBuildFile; fileRef = 94B46147244D92EB00AB53E9 /* AddCartViewController.swift */; };
		94B4614B244D9BC200AB53E9 /* AddTableViewCell.swift in Sources */ = {isa = PBXBuildFile; fileRef = 94B4614A244D9BC200AB53E9 /* AddTableViewCell.swift */; };
		94E6F480244C5FCA00EFC8AC /* DetectLocViewController.swift in Sources */ = {isa = PBXBuildFile; fileRef = 94E6F47F244C5FCA00EFC8AC /* DetectLocViewController.swift */; };
		94E6F483244C61C000EFC8AC /* LocationStoryboard.storyboard in Resources */ = {isa = PBXBuildFile; fileRef = 94E6F482244C61C000EFC8AC /* LocationStoryboard.storyboard */; };
		94E947E42451B03C00753699 /* shopbyprViewController.swift in Sources */ = {isa = PBXBuildFile; fileRef = 94E947E32451B03C00753699 /* shopbyprViewController.swift */; };
		94E947E62451B05200753699 /* ShopbyStoryboard.storyboard in Resources */ = {isa = PBXBuildFile; fileRef = 94E947E52451B05200753699 /* ShopbyStoryboard.storyboard */; };
		94E947E92451B2D000753699 /* rathna.png in Resources */ = {isa = PBXBuildFile; fileRef = 94E947E82451B2D000753699 /* rathna.png */; };
		94F51E6124404D3A00AC8169 /* Extensions.swift in Sources */ = {isa = PBXBuildFile; fileRef = 94F51E6024404D3A00AC8169 /* Extensions.swift */; };
		94F51E632440803A00AC8169 /* HomeStoryboard.storyboard in Resources */ = {isa = PBXBuildFile; fileRef = 94F51E622440803A00AC8169 /* HomeStoryboard.storyboard */; };
		94F51E65244080C500AC8169 /* TabBarViewController.swift in Sources */ = {isa = PBXBuildFile; fileRef = 94F51E64244080C500AC8169 /* TabBarViewController.swift */; };
		94F878BF244B37D7000C10A4 /* SettingViewController.swift in Sources */ = {isa = PBXBuildFile; fileRef = 94F878BC244B37D7000C10A4 /* SettingViewController.swift */; };
		94F878C0244B37D7000C10A4 /* SettingStoryboard.storyboard in Resources */ = {isa = PBXBuildFile; fileRef = 94F878BD244B37D7000C10A4 /* SettingStoryboard.storyboard */; };
		94F878C1244B37D7000C10A4 /* SettingsTableViewCell.swift in Sources */ = {isa = PBXBuildFile; fileRef = 94F878BE244B37D7000C10A4 /* SettingsTableViewCell.swift */; };
/* End PBXBuildFile section */

/* Begin PBXFileReference section */
		183A0B2D243B58B5006A67DD /* Assets.xcassets */ = {isa = PBXFileReference; lastKnownFileType = folder.assetcatalog; path = Assets.xcassets; sourceTree = "<group>"; };
		183A0B31243C737A006A67DD /* OTPViewController.swift */ = {isa = PBXFileReference; lastKnownFileType = sourcecode.swift; path = OTPViewController.swift; sourceTree = "<group>"; };
		1858E098243AF81800FC403E /* Kiraanacart.app */ = {isa = PBXFileReference; explicitFileType = wrapper.application; includeInIndex = 0; path = Kiraanacart.app; sourceTree = BUILT_PRODUCTS_DIR; };
		1858E09B243AF81800FC403E /* AppDelegate.swift */ = {isa = PBXFileReference; lastKnownFileType = sourcecode.swift; path = AppDelegate.swift; sourceTree = "<group>"; };
		1858E09D243AF81800FC403E /* SceneDelegate.swift */ = {isa = PBXFileReference; lastKnownFileType = sourcecode.swift; path = SceneDelegate.swift; sourceTree = "<group>"; };
		1858E0A2243AF81800FC403E /* Base */ = {isa = PBXFileReference; lastKnownFileType = file.storyboard; name = Base; path = Base.lproj/Main.storyboard; sourceTree = "<group>"; };
		1858E0A7243AF81900FC403E /* Base */ = {isa = PBXFileReference; lastKnownFileType = file.storyboard; name = Base; path = Base.lproj/LaunchScreen.storyboard; sourceTree = "<group>"; };
		1858E0A9243AF81900FC403E /* Info.plist */ = {isa = PBXFileReference; lastKnownFileType = text.plist.xml; path = Info.plist; sourceTree = "<group>"; };
		1ADEFCD10C3E2D87CDFEEB0B /* Pods-Kiraanacart.release.xcconfig */ = {isa = PBXFileReference; includeInIndex = 1; lastKnownFileType = text.xcconfig; name = "Pods-Kiraanacart.release.xcconfig"; path = "Target Support Files/Pods-Kiraanacart/Pods-Kiraanacart.release.xcconfig"; sourceTree = "<group>"; };
		9406E9BF245445F90095DD7A /* Theme.swift */ = {isa = PBXFileReference; fileEncoding = 4; lastKnownFileType = sourcecode.swift; path = Theme.swift; sourceTree = "<group>"; };
		9406E9C0245445F90095DD7A /* StringExtentions.swift */ = {isa = PBXFileReference; fileEncoding = 4; lastKnownFileType = sourcecode.swift; path = StringExtentions.swift; sourceTree = "<group>"; };
		9406E9C1245445FA0095DD7A /* TagCollectionCell.swift */ = {isa = PBXFileReference; fileEncoding = 4; lastKnownFileType = sourcecode.swift; path = TagCollectionCell.swift; sourceTree = "<group>"; };
		9406E9C2245445FA0095DD7A /* TaglistCollection.swift */ = {isa = PBXFileReference; fileEncoding = 4; lastKnownFileType = sourcecode.swift; name = TaglistCollection.swift; path = "../../../../../../../boomer/jioLocal Project/JioLocal/JioLocal/Suppourt Classes/Tags View/TaglistCollection.swift"; sourceTree = "<group>"; };
		9406E9C3245445FA0095DD7A /* TagCollectionCell.xib */ = {isa = PBXFileReference; fileEncoding = 4; lastKnownFileType = file.xib; path = TagCollectionCell.xib; sourceTree = "<group>"; };
		9406E9C4245445FA0095DD7A /* CloseButton.swift */ = {isa = PBXFileReference; fileEncoding = 4; lastKnownFileType = sourcecode.swift; path = CloseButton.swift; sourceTree = "<group>"; };
		940E1D4224457B8E009AB382 /* OrderViewController.swift */ = {isa = PBXFileReference; lastKnownFileType = sourcecode.swift; path = OrderViewController.swift; sourceTree = "<group>"; };
		940E1D4424457BB1009AB382 /* offers.swift */ = {isa = PBXFileReference; lastKnownFileType = sourcecode.swift; path = offers.swift; sourceTree = "<group>"; };
		941D0EB4244ECB2E0027E6FC /* OrderDetailsStoryboard.storyboard */ = {isa = PBXFileReference; lastKnownFileType = file.storyboard; path = OrderDetailsStoryboard.storyboard; sourceTree = "<group>"; };
		941D0EB6244EDBCD0027E6FC /* OrderDetailsViewController.swift */ = {isa = PBXFileReference; lastKnownFileType = sourcecode.swift; path = OrderDetailsViewController.swift; sourceTree = "<group>"; };
		941D0EB8244EDC110027E6FC /* orderDetailsTableViewCell.swift */ = {isa = PBXFileReference; lastKnownFileType = sourcecode.swift; path = orderDetailsTableViewCell.swift; sourceTree = "<group>"; };
		9420BEAB244828A600CAF4B6 /* SupportStoryboard.storyboard */ = {isa = PBXFileReference; lastKnownFileType = file.storyboard; path = SupportStoryboard.storyboard; sourceTree = "<group>"; };
		9420BEAD244828C800CAF4B6 /* SupportViewController.swift */ = {isa = PBXFileReference; lastKnownFileType = sourcecode.swift; path = SupportViewController.swift; sourceTree = "<group>"; };
		9420BEB024482A4900CAF4B6 /* NotificationStoryboard.storyboard */ = {isa = PBXFileReference; lastKnownFileType = file.storyboard; path = NotificationStoryboard.storyboard; sourceTree = "<group>"; };
		9420BEB224482A5B00CAF4B6 /* NotificationViewController.swift */ = {isa = PBXFileReference; lastKnownFileType = sourcecode.swift; path = NotificationViewController.swift; sourceTree = "<group>"; };
		9420BEB524482DF600CAF4B6 /* NotificationTableViewCell.swift */ = {isa = PBXFileReference; lastKnownFileType = sourcecode.swift; path = NotificationTableViewCell.swift; sourceTree = "<group>"; };
		9420BEB72448373D00CAF4B6 /* ContactusViewController.swift */ = {isa = PBXFileReference; lastKnownFileType = sourcecode.swift; path = ContactusViewController.swift; sourceTree = "<group>"; };
		9420BEBB2448429200CAF4B6 /* KMPlaceholderTextView.swift */ = {isa = PBXFileReference; fileEncoding = 4; lastKnownFileType = sourcecode.swift; path = KMPlaceholderTextView.swift; sourceTree = "<group>"; };
		9426B62C244DBF50008BF6D9 /* CuponsStoryboard.storyboard */ = {isa = PBXFileReference; lastKnownFileType = file.storyboard; path = CuponsStoryboard.storyboard; sourceTree = "<group>"; };
		9426B62E244DBF71008BF6D9 /* CuponsViewController.swift */ = {isa = PBXFileReference; lastKnownFileType = sourcecode.swift; path = CuponsViewController.swift; sourceTree = "<group>"; };
		942743B024497984001BEE95 /* itemsViewController.swift */ = {isa = PBXFileReference; lastKnownFileType = sourcecode.swift; path = itemsViewController.swift; sourceTree = "<group>"; };
		9427445C2449BFD0001BEE95 /* SJShadow.swift */ = {isa = PBXFileReference; fileEncoding = 4; lastKnownFileType = sourcecode.swift; path = SJShadow.swift; sourceTree = "<group>"; };
		9427445D2449BFD1001BEE95 /* SJUtil.swift */ = {isa = PBXFileReference; fileEncoding = 4; lastKnownFileType = sourcecode.swift; path = SJUtil.swift; sourceTree = "<group>"; };
		9427445E2449BFD1001BEE95 /* SJSegmentTab.swift */ = {isa = PBXFileReference; fileEncoding = 4; lastKnownFileType = sourcecode.swift; path = SJSegmentTab.swift; sourceTree = "<group>"; };
		9427445F2449BFD1001BEE95 /* SJSegmentedViewController.swift */ = {isa = PBXFileReference; fileEncoding = 4; lastKnownFileType = sourcecode.swift; path = SJSegmentedViewController.swift; sourceTree = "<group>"; };
		942744602449BFD1001BEE95 /* SJContentView.swift */ = {isa = PBXFileReference; fileEncoding = 4; lastKnownFileType = sourcecode.swift; path = SJContentView.swift; sourceTree = "<group>"; };
		942744612449BFD1001BEE95 /* SJSegmentedScrollView.swift */ = {isa = PBXFileReference; fileEncoding = 4; lastKnownFileType = sourcecode.swift; path = SJSegmentedScrollView.swift; sourceTree = "<group>"; };
		942744622449BFD1001BEE95 /* SJSegmentView.swift */ = {isa = PBXFileReference; fileEncoding = 4; lastKnownFileType = sourcecode.swift; path = SJSegmentView.swift; sourceTree = "<group>"; };
		942A10BB24517D0100B05C39 /* AddAddressStoryboard.storyboard */ = {isa = PBXFileReference; lastKnownFileType = file.storyboard; path = AddAddressStoryboard.storyboard; sourceTree = "<group>"; };
		942A10BD24517D1200B05C39 /* AddAddressViewController.swift */ = {isa = PBXFileReference; lastKnownFileType = sourcecode.swift; path = AddAddressViewController.swift; sourceTree = "<group>"; };
		942A10C024517DA900B05C39 /* SlotDetailsStoryboard.storyboard */ = {isa = PBXFileReference; lastKnownFileType = file.storyboard; path = SlotDetailsStoryboard.storyboard; sourceTree = "<group>"; };
		942A10C224517DCE00B05C39 /* SlotDetailsViewController.swift */ = {isa = PBXFileReference; lastKnownFileType = sourcecode.swift; path = SlotDetailsViewController.swift; sourceTree = "<group>"; };
		942A10C524517DF800B05C39 /* DelveryDetailsStoryboard.storyboard */ = {isa = PBXFileReference; lastKnownFileType = file.storyboard; path = DelveryDetailsStoryboard.storyboard; sourceTree = "<group>"; };
		942A10C724517E0900B05C39 /* DeliveryDetailsViewController.swift */ = {isa = PBXFileReference; lastKnownFileType = sourcecode.swift; path = DeliveryDetailsViewController.swift; sourceTree = "<group>"; };
		942AB09124559C5300184D7D /* LoginStoryboard.storyboard */ = {isa = PBXFileReference; fileEncoding = 4; lastKnownFileType = file.storyboard; path = LoginStoryboard.storyboard; sourceTree = "<group>"; };
		942AB09224559C5300184D7D /* LoginViewController.swift */ = {isa = PBXFileReference; fileEncoding = 4; lastKnownFileType = sourcecode.swift; path = LoginViewController.swift; sourceTree = "<group>"; };
		942AB09324559C5300184D7D /* 200x200.png */ = {isa = PBXFileReference; lastKnownFileType = image.png; path = 200x200.png; sourceTree = "<group>"; };
		942AB09424559C5300184D7D /* OtpViewController.swift */ = {isa = PBXFileReference; fileEncoding = 4; lastKnownFileType = sourcecode.swift; path = OtpViewController.swift; sourceTree = "<group>"; };
		942AB09A24559CA300184D7D /* MainViewController.swift */ = {isa = PBXFileReference; fileEncoding = 4; lastKnownFileType = sourcecode.swift; path = MainViewController.swift; sourceTree = "<group>"; };
		942AB09B24559CA300184D7D /* ViewControllerPage1.swift */ = {isa = PBXFileReference; fileEncoding = 4; lastKnownFileType = sourcecode.swift; path = ViewControllerPage1.swift; sourceTree = "<group>"; };
		942AB09C24559CA300184D7D /* ViewControllerPage2.swift */ = {isa = PBXFileReference; fileEncoding = 4; lastKnownFileType = sourcecode.swift; path = ViewControllerPage2.swift; sourceTree = "<group>"; };
		942AB09D24559CA400184D7D /* ViewControllerPage3.swift */ = {isa = PBXFileReference; fileEncoding = 4; lastKnownFileType = sourcecode.swift; path = ViewControllerPage3.swift; sourceTree = "<group>"; };
		9431E0842446C9F000E79F55 /* WalletStoryboard.storyboard */ = {isa = PBXFileReference; lastKnownFileType = file.storyboard; path = WalletStoryboard.storyboard; sourceTree = "<group>"; };
		9431E0892446CB5500E79F55 /* walletViewController.swift */ = {isa = PBXFileReference; lastKnownFileType = sourcecode.swift; path = walletViewController.swift; sourceTree = "<group>"; };
		9431E08B2446E3D600E79F55 /* HomeNavigtionViewController.swift */ = {isa = PBXFileReference; lastKnownFileType = sourcecode.swift; path = HomeNavigtionViewController.swift; sourceTree = "<group>"; };
		9431E0972446FAB100E79F55 /* ReferStoryboard.storyboard */ = {isa = PBXFileReference; lastKnownFileType = file.storyboard; path = ReferStoryboard.storyboard; sourceTree = "<group>"; };
		9431E0992446FAC000E79F55 /* ReferViewController.swift */ = {isa = PBXFileReference; lastKnownFileType = sourcecode.swift; path = ReferViewController.swift; sourceTree = "<group>"; };
		94328D19244DD238005158FD /* CuponTableViewCell.swift */ = {isa = PBXFileReference; lastKnownFileType = sourcecode.swift; path = CuponTableViewCell.swift; sourceTree = "<group>"; };
		943A3F1F244ADFF600E2B6FC /* OrderTableViewCell.swift */ = {isa = PBXFileReference; lastKnownFileType = sourcecode.swift; path = OrderTableViewCell.swift; sourceTree = "<group>"; };
		943A3F21244AF5D600E2B6FC /* OffersTableViewCell.swift */ = {isa = PBXFileReference; lastKnownFileType = sourcecode.swift; path = OffersTableViewCell.swift; sourceTree = "<group>"; };
		943A3F24244B026500E2B6FC /* ChangePasswordStoryboard.storyboard */ = {isa = PBXFileReference; lastKnownFileType = file.storyboard; path = ChangePasswordStoryboard.storyboard; sourceTree = "<group>"; };
		943A3F26244B028800E2B6FC /* ChangePasswordViewController.swift */ = {isa = PBXFileReference; lastKnownFileType = sourcecode.swift; path = ChangePasswordViewController.swift; sourceTree = "<group>"; };
		943A3F29244B089200E2B6FC /* PrivacyStoryboard.storyboard */ = {isa = PBXFileReference; lastKnownFileType = file.storyboard; path = PrivacyStoryboard.storyboard; sourceTree = "<group>"; };
		943A3F2B244B08A200E2B6FC /* PrivacyViewController.swift */ = {isa = PBXFileReference; lastKnownFileType = sourcecode.swift; path = PrivacyViewController.swift; sourceTree = "<group>"; };
		944B09CA244C9875002A8AC3 /* ManageAddressStoryboard.storyboard */ = {isa = PBXFileReference; lastKnownFileType = file.storyboard; path = ManageAddressStoryboard.storyboard; sourceTree = "<group>"; };
		944B09CC244C9886002A8AC3 /* ManageAddressViewController.swift */ = {isa = PBXFileReference; lastKnownFileType = sourcecode.swift; path = ManageAddressViewController.swift; sourceTree = "<group>"; };
		944B2043244C3C7E00A4BCEE /* HomepageViewController.swift */ = {isa = PBXFileReference; fileEncoding = 4; lastKnownFileType = sourcecode.swift; path = HomepageViewController.swift; sourceTree = "<group>"; };
		944B2045244C521100A4BCEE /* CustomListCollectionViewCell.swift */ = {isa = PBXFileReference; fileEncoding = 4; lastKnownFileType = sourcecode.swift; path = CustomListCollectionViewCell.swift; sourceTree = "<group>"; };
		944D36CF24419320003D73EA /* ListOfStoresStoryboard.storyboard */ = {isa = PBXFileReference; lastKnownFileType = file.storyboard; path = ListOfStoresStoryboard.storyboard; sourceTree = "<group>"; };
		944D36D124419347003D73EA /* ListOfStoresViewController.swift */ = {isa = PBXFileReference; lastKnownFileType = sourcecode.swift; path = ListOfStoresViewController.swift; sourceTree = "<group>"; };
		944D36D42441A652003D73EA /* CustomTableViewCell.swift */ = {isa = PBXFileReference; lastKnownFileType = sourcecode.swift; path = CustomTableViewCell.swift; sourceTree = "<group>"; };
		944D36D82441C58F003D73EA /* Roboto-Bold.ttf */ = {isa = PBXFileReference; lastKnownFileType = file; path = "Roboto-Bold.ttf"; sourceTree = "<group>"; };
		944D36D92441C58F003D73EA /* Roboto-Medium.ttf */ = {isa = PBXFileReference; lastKnownFileType = file; path = "Roboto-Medium.ttf"; sourceTree = "<group>"; };
		944D36DA2441C58F003D73EA /* Roboto-Light.ttf */ = {isa = PBXFileReference; lastKnownFileType = file; path = "Roboto-Light.ttf"; sourceTree = "<group>"; };
		944D36DB2441C58F003D73EA /* Roboto-Regular.ttf */ = {isa = PBXFileReference; lastKnownFileType = file; path = "Roboto-Regular.ttf"; sourceTree = "<group>"; };
		945A1EE22449DC7100106B5C /* MyCustomCell.xib */ = {isa = PBXFileReference; lastKnownFileType = file.xib; path = MyCustomCell.xib; sourceTree = "<group>"; };
		945A1EE42449DC8B00106B5C /* MyCustomCell.swift */ = {isa = PBXFileReference; lastKnownFileType = sourcecode.swift; path = MyCustomCell.swift; sourceTree = "<group>"; };
		94633E7D245468B3003E3CEE /* BmoViewPager.framework */ = {isa = PBXFileReference; explicitFileType = wrapper.framework; path = BmoViewPager.framework; sourceTree = BUILT_PRODUCTS_DIR; };
		94633E7F245469F8003E3CEE /* FirstTableViewController.swift */ = {isa = PBXFileReference; lastKnownFileType = sourcecode.swift; path = FirstTableViewController.swift; sourceTree = "<group>"; };
		94633E8124546A08003E3CEE /* SecondTableViewController.swift */ = {isa = PBXFileReference; lastKnownFileType = sourcecode.swift; path = SecondTableViewController.swift; sourceTree = "<group>"; };
		94633E8324546A17003E3CEE /* ThirdTableViewController.swift */ = {isa = PBXFileReference; lastKnownFileType = sourcecode.swift; path = ThirdTableViewController.swift; sourceTree = "<group>"; };
		94633E8524546BF4003E3CEE /* UnderLineView.swift */ = {isa = PBXFileReference; fileEncoding = 4; lastKnownFileType = sourcecode.swift; path = UnderLineView.swift; sourceTree = "<group>"; };
		946A124B243DC8AF00CABD78 /* Slide.xib */ = {isa = PBXFileReference; fileEncoding = 4; lastKnownFileType = file.xib; path = Slide.xib; sourceTree = "<group>"; };
		946A124C243DC8B000CABD78 /* Slide.swift */ = {isa = PBXFileReference; fileEncoding = 4; lastKnownFileType = sourcecode.swift; path = Slide.swift; sourceTree = "<group>"; };
		946A124F243DC8C300CABD78 /* initialViewController.swift */ = {isa = PBXFileReference; fileEncoding = 4; lastKnownFileType = sourcecode.swift; path = initialViewController.swift; sourceTree = "<group>"; };
		946A8A092452ABEE00673D83 /* IntialpageViewController.swift */ = {isa = PBXFileReference; lastKnownFileType = sourcecode.swift; path = IntialpageViewController.swift; sourceTree = "<group>"; };
		9475DBAE244301B400421D47 /* userProfileViewController.swift */ = {isa = PBXFileReference; lastKnownFileType = sourcecode.swift; path = userProfileViewController.swift; sourceTree = "<group>"; };
		9475DBB024430C5100421D47 /* profileTableViewCell.swift */ = {isa = PBXFileReference; lastKnownFileType = sourcecode.swift; path = profileTableViewCell.swift; sourceTree = "<group>"; };
		9475DBB2244320F900421D47 /* Extensionss.swift */ = {isa = PBXFileReference; lastKnownFileType = sourcecode.swift; path = Extensionss.swift; sourceTree = "<group>"; };
		947E214F245060D4004A8EC8 /* CalendarView.swift */ = {isa = PBXFileReference; fileEncoding = 4; lastKnownFileType = sourcecode.swift; path = CalendarView.swift; sourceTree = "<group>"; };
		947F3F89243F341F00D61CFA /* TermsAndCondtion.storyboard */ = {isa = PBXFileReference; lastKnownFileType = file.storyboard; path = TermsAndCondtion.storyboard; sourceTree = "<group>"; };
		947F3F8B243F34F400D61CFA /* TermsCondtionViewController.swift */ = {isa = PBXFileReference; lastKnownFileType = sourcecode.swift; path = TermsCondtionViewController.swift; sourceTree = "<group>"; };
		9482FCE0243F46F800A238CF /* MobileLoginViewController.swift */ = {isa = PBXFileReference; lastKnownFileType = sourcecode.swift; path = MobileLoginViewController.swift; sourceTree = "<group>"; };
		94862A092450104A00F3BB06 /* Constant.swift */ = {isa = PBXFileReference; lastKnownFileType = sourcecode.swift; path = Constant.swift; sourceTree = "<group>"; };
		94986EB524443B4F004F7A80 /* profileStoryboard.storyboard */ = {isa = PBXFileReference; lastKnownFileType = file.storyboard; path = profileStoryboard.storyboard; sourceTree = "<group>"; };
		94986EB724443D6F004F7A80 /* userinfoTableViewController.swift */ = {isa = PBXFileReference; lastKnownFileType = sourcecode.swift; path = userinfoTableViewController.swift; sourceTree = "<group>"; };
		949CAB682450824000D25D9C /* JioType-Light.ttf */ = {isa = PBXFileReference; lastKnownFileType = file; path = "JioType-Light.ttf"; sourceTree = "<group>"; };
		949CAB692450824000D25D9C /* JioType-Medium.ttf */ = {isa = PBXFileReference; lastKnownFileType = file; path = "JioType-Medium.ttf"; sourceTree = "<group>"; };
		949CAB6A2450824100D25D9C /* JioType-Bold.ttf */ = {isa = PBXFileReference; lastKnownFileType = file; path = "JioType-Bold.ttf"; sourceTree = "<group>"; };
		94B46143244D7F9E00AB53E9 /* ManageTableViewCell.swift */ = {isa = PBXFileReference; lastKnownFileType = sourcecode.swift; path = ManageTableViewCell.swift; sourceTree = "<group>"; };
		94B46145244D92D000AB53E9 /* CartStoryboard.storyboard */ = {isa = PBXFileReference; lastKnownFileType = file.storyboard; path = CartStoryboard.storyboard; sourceTree = "<group>"; };
		94B46147244D92EB00AB53E9 /* AddCartViewController.swift */ = {isa = PBXFileReference; lastKnownFileType = sourcecode.swift; path = AddCartViewController.swift; sourceTree = "<group>"; };
		94B4614A244D9BC200AB53E9 /* AddTableViewCell.swift */ = {isa = PBXFileReference; lastKnownFileType = sourcecode.swift; path = AddTableViewCell.swift; sourceTree = "<group>"; };
		94E6F47F244C5FCA00EFC8AC /* DetectLocViewController.swift */ = {isa = PBXFileReference; lastKnownFileType = sourcecode.swift; path = DetectLocViewController.swift; sourceTree = "<group>"; };
		94E6F482244C61C000EFC8AC /* LocationStoryboard.storyboard */ = {isa = PBXFileReference; lastKnownFileType = file.storyboard; path = LocationStoryboard.storyboard; sourceTree = "<group>"; };
		94E947E32451B03C00753699 /* shopbyprViewController.swift */ = {isa = PBXFileReference; lastKnownFileType = sourcecode.swift; path = shopbyprViewController.swift; sourceTree = "<group>"; };
		94E947E52451B05200753699 /* ShopbyStoryboard.storyboard */ = {isa = PBXFileReference; lastKnownFileType = file.storyboard; path = ShopbyStoryboard.storyboard; sourceTree = "<group>"; };
		94E947E82451B2D000753699 /* rathna.png */ = {isa = PBXFileReference; lastKnownFileType = image.png; path = rathna.png; sourceTree = "<group>"; };
		94F51E6024404D3A00AC8169 /* Extensions.swift */ = {isa = PBXFileReference; lastKnownFileType = sourcecode.swift; path = Extensions.swift; sourceTree = "<group>"; };
		94F51E622440803A00AC8169 /* HomeStoryboard.storyboard */ = {isa = PBXFileReference; lastKnownFileType = file.storyboard; path = HomeStoryboard.storyboard; sourceTree = "<group>"; };
		94F51E64244080C500AC8169 /* TabBarViewController.swift */ = {isa = PBXFileReference; lastKnownFileType = sourcecode.swift; path = TabBarViewController.swift; sourceTree = "<group>"; };
		94F878BC244B37D7000C10A4 /* SettingViewController.swift */ = {isa = PBXFileReference; fileEncoding = 4; lastKnownFileType = sourcecode.swift; path = SettingViewController.swift; sourceTree = "<group>"; };
		94F878BD244B37D7000C10A4 /* SettingStoryboard.storyboard */ = {isa = PBXFileReference; fileEncoding = 4; lastKnownFileType = file.storyboard; path = SettingStoryboard.storyboard; sourceTree = "<group>"; };
		94F878BE244B37D7000C10A4 /* SettingsTableViewCell.swift */ = {isa = PBXFileReference; fileEncoding = 4; lastKnownFileType = sourcecode.swift; path = SettingsTableViewCell.swift; sourceTree = "<group>"; };
		A1B0A3CCF985189E370F07DA /* Pods_Kiraanacart.framework */ = {isa = PBXFileReference; explicitFileType = wrapper.framework; includeInIndex = 0; path = Pods_Kiraanacart.framework; sourceTree = BUILT_PRODUCTS_DIR; };
		B2A0A2987C04AE16CD29C430 /* Pods-Kiraanacart.debug.xcconfig */ = {isa = PBXFileReference; includeInIndex = 1; lastKnownFileType = text.xcconfig; name = "Pods-Kiraanacart.debug.xcconfig"; path = "Target Support Files/Pods-Kiraanacart/Pods-Kiraanacart.debug.xcconfig"; sourceTree = "<group>"; };
/* End PBXFileReference section */

/* Begin PBXFrameworksBuildPhase section */
		1858E095243AF81800FC403E /* Frameworks */ = {
			isa = PBXFrameworksBuildPhase;
			buildActionMask = 2147483647;
			files = (
				94633E7E245468B3003E3CEE /* BmoViewPager.framework in Frameworks */,
				2269148814B9D73B396BED08 /* Pods_Kiraanacart.framework in Frameworks */,
			);
			runOnlyForDeploymentPostprocessing = 0;
		};
/* End PBXFrameworksBuildPhase section */

/* Begin PBXGroup section */
		1858E08F243AF81800FC403E = {
			isa = PBXGroup;
			children = (
				1858E09A243AF81800FC403E /* Kiraanacart */,
				1858E099243AF81800FC403E /* Products */,
				5EA676D3A14643B9727B6CB6 /* Pods */,
				62331B37A876F5145A9E9B90 /* Frameworks */,
			);
			sourceTree = "<group>";
		};
		1858E099243AF81800FC403E /* Products */ = {
			isa = PBXGroup;
			children = (
				1858E098243AF81800FC403E /* Kiraanacart.app */,
			);
			name = Products;
			sourceTree = "<group>";
		};
		1858E09A243AF81800FC403E /* Kiraanacart */ = {
			isa = PBXGroup;
			children = (
				1858E09B243AF81800FC403E /* AppDelegate.swift */,
				1858E09D243AF81800FC403E /* SceneDelegate.swift */,
				942AB09924559C7E00184D7D /* Spla */,
				942AB09024559C4100184D7D /* Login */,
				94E947E72451B28200753699 /* shopbyt */,
				942A10C924517E1000B05C39 /* DelveryDetails */,
				942A10C424517DD500B05C39 /* SlotDetails */,
				942A10BF24517D1A00B05C39 /* AddAdress */,
				94B46149244D92FA00AB53E9 /* Cart */,
				941D0E9F244EB0770027E6FC /* OrderDetails */,
				9426B630244DBF79008BF6D9 /* Cupons */,
				944B09CE244C988C002A8AC3 /* ManageAddress */,
				94E6F481244C5FD500EFC8AC /* DetectLocation */,
				94F878C2244B37E9000C10A4 /* Settings */,
				943A3F2D244B08AB00E2B6FC /* PrivacyPolicy */,
				943A3F28244B029100E2B6FC /* ChangePassword */,
				9420BEB424482A6100CAF4B6 /* Notification */,
				9420BEAF244828CE00CAF4B6 /* Support */,
				9431E09B2446FAC700E79F55 /* Refer */,
				9431E0882446CA1C00E79F55 /* Wallet */,
				9433C72F2445C6C20045F4A2 /* Offers */,
				9433C72E2445C6B20045F4A2 /* Orders */,
				940E1D4F24459CCA009AB382 /* Homepage */,
				9475DBA72442E22B00421D47 /* UserAccount */,
				944D36D62441A692003D73EA /* StoresList */,
				94F51E6624408BF800AC8169 /* HomeTabviewContoller  */,
				947F3F8D243F34FA00D61CFA /* TermsandCondtion */,
				946A1253243DCF4700CABD78 /* Splashscreen */,
				946A1254243DCF7100CABD78 /* SIgnup */,
				947F3F90243F438E00D61CFA /* Depending */,
				944D36D72441C570003D73EA /* Fonts  */,
				183A0B2D243B58B5006A67DD /* Assets.xcassets */,
				1858E0A1243AF81800FC403E /* Main.storyboard */,
				1858E0A6243AF81900FC403E /* LaunchScreen.storyboard */,
				1858E0A9243AF81900FC403E /* Info.plist */,
			);
			path = Kiraanacart;
			sourceTree = "<group>";
		};
		5EA676D3A14643B9727B6CB6 /* Pods */ = {
			isa = PBXGroup;
			children = (
				B2A0A2987C04AE16CD29C430 /* Pods-Kiraanacart.debug.xcconfig */,
				1ADEFCD10C3E2D87CDFEEB0B /* Pods-Kiraanacart.release.xcconfig */,
			);
			path = Pods;
			sourceTree = "<group>";
		};
		62331B37A876F5145A9E9B90 /* Frameworks */ = {
			isa = PBXGroup;
			children = (
				94633E7D245468B3003E3CEE /* BmoViewPager.framework */,
				A1B0A3CCF985189E370F07DA /* Pods_Kiraanacart.framework */,
			);
			name = Frameworks;
			sourceTree = "<group>";
		};
		940E1D4624459C28009AB382 /* Extension */ = {
			isa = PBXGroup;
			children = (
			);
			path = Extension;
			sourceTree = "<group>";
		};
		940E1D4F24459CCA009AB382 /* Homepage */ = {
			isa = PBXGroup;
			children = (
				944B2043244C3C7E00A4BCEE /* HomepageViewController.swift */,
				944B2045244C521100A4BCEE /* CustomListCollectionViewCell.swift */,
			);
			path = Homepage;
			sourceTree = "<group>";
		};
		94169B5724507DC6009CA17F /* Taglist */ = {
			isa = PBXGroup;
			children = (
				9406E9C4245445FA0095DD7A /* CloseButton.swift */,
				9406E9C0245445F90095DD7A /* StringExtentions.swift */,
				9406E9C1245445FA0095DD7A /* TagCollectionCell.swift */,
				9406E9C3245445FA0095DD7A /* TagCollectionCell.xib */,
				9406E9C2245445FA0095DD7A /* TaglistCollection.swift */,
				9406E9BF245445F90095DD7A /* Theme.swift */,
			);
			path = Taglist;
			sourceTree = "<group>";
		};
		941D0E9F244EB0770027E6FC /* OrderDetails */ = {
			isa = PBXGroup;
			children = (
				941D0EB4244ECB2E0027E6FC /* OrderDetailsStoryboard.storyboard */,
				941D0EB6244EDBCD0027E6FC /* OrderDetailsViewController.swift */,
				941D0EB8244EDC110027E6FC /* orderDetailsTableViewCell.swift */,
			);
			path = OrderDetails;
			sourceTree = "<group>";
		};
		9420BEAF244828CE00CAF4B6 /* Support */ = {
			isa = PBXGroup;
			children = (
				9420BEAB244828A600CAF4B6 /* SupportStoryboard.storyboard */,
				9420BEAD244828C800CAF4B6 /* SupportViewController.swift */,
				9420BEB72448373D00CAF4B6 /* ContactusViewController.swift */,
			);
			path = Support;
			sourceTree = "<group>";
		};
		9420BEB424482A6100CAF4B6 /* Notification */ = {
			isa = PBXGroup;
			children = (
				9420BEB024482A4900CAF4B6 /* NotificationStoryboard.storyboard */,
				9420BEB524482DF600CAF4B6 /* NotificationTableViewCell.swift */,
				9420BEB224482A5B00CAF4B6 /* NotificationViewController.swift */,
			);
			path = Notification;
			sourceTree = "<group>";
		};
		9420BEBD24484E2A00CAF4B6 /* TextView */ = {
			isa = PBXGroup;
			children = (
				9420BEBB2448429200CAF4B6 /* KMPlaceholderTextView.swift */,
			);
			path = TextView;
			sourceTree = "<group>";
		};
		9420BEC7244873D000CAF4B6 /* Slidemenu */ = {
			isa = PBXGroup;
			children = (
			);
			path = Slidemenu;
			sourceTree = "<group>";
		};
		9426B630244DBF79008BF6D9 /* Cupons */ = {
			isa = PBXGroup;
			children = (
				9426B62C244DBF50008BF6D9 /* CuponsStoryboard.storyboard */,
				9426B62E244DBF71008BF6D9 /* CuponsViewController.swift */,
				94328D19244DD238005158FD /* CuponTableViewCell.swift */,
			);
			path = Cupons;
			sourceTree = "<group>";
		};
		942744002449B4B2001BEE95 /* segmentMenu */ = {
			isa = PBXGroup;
			children = (
				942744602449BFD1001BEE95 /* SJContentView.swift */,
				942744612449BFD1001BEE95 /* SJSegmentedScrollView.swift */,
				9427445F2449BFD1001BEE95 /* SJSegmentedViewController.swift */,
				9427445E2449BFD1001BEE95 /* SJSegmentTab.swift */,
				942744622449BFD1001BEE95 /* SJSegmentView.swift */,
				9427445C2449BFD0001BEE95 /* SJShadow.swift */,
				9427445D2449BFD1001BEE95 /* SJUtil.swift */,
			);
			path = segmentMenu;
			sourceTree = "<group>";
		};
		942A10BF24517D1A00B05C39 /* AddAdress */ = {
			isa = PBXGroup;
			children = (
				942A10BB24517D0100B05C39 /* AddAddressStoryboard.storyboard */,
				942A10BD24517D1200B05C39 /* AddAddressViewController.swift */,
			);
			path = AddAdress;
			sourceTree = "<group>";
		};
		942A10C424517DD500B05C39 /* SlotDetails */ = {
			isa = PBXGroup;
			children = (
				942A10C024517DA900B05C39 /* SlotDetailsStoryboard.storyboard */,
				942A10C224517DCE00B05C39 /* SlotDetailsViewController.swift */,
			);
			path = SlotDetails;
			sourceTree = "<group>";
		};
		942A10C924517E1000B05C39 /* DelveryDetails */ = {
			isa = PBXGroup;
			children = (
				942A10C524517DF800B05C39 /* DelveryDetailsStoryboard.storyboard */,
				942A10C724517E0900B05C39 /* DeliveryDetailsViewController.swift */,
			);
			path = DelveryDetails;
			sourceTree = "<group>";
		};
		942AB09024559C4100184D7D /* Login */ = {
			isa = PBXGroup;
			children = (
				942AB09324559C5300184D7D /* 200x200.png */,
				942AB09124559C5300184D7D /* LoginStoryboard.storyboard */,
				942AB09224559C5300184D7D /* LoginViewController.swift */,
				942AB09424559C5300184D7D /* OtpViewController.swift */,
			);
			path = Login;
			sourceTree = "<group>";
		};
		942AB09924559C7E00184D7D /* Spla */ = {
			isa = PBXGroup;
			children = (
				942AB09A24559CA300184D7D /* MainViewController.swift */,
				942AB09B24559CA300184D7D /* ViewControllerPage1.swift */,
				942AB09C24559CA300184D7D /* ViewControllerPage2.swift */,
				942AB09D24559CA400184D7D /* ViewControllerPage3.swift */,
			);
			path = Spla;
			sourceTree = "<group>";
		};
		9431E0882446CA1C00E79F55 /* Wallet */ = {
			isa = PBXGroup;
			children = (
				9431E0892446CB5500E79F55 /* walletViewController.swift */,
				9431E0842446C9F000E79F55 /* WalletStoryboard.storyboard */,
			);
			path = Wallet;
			sourceTree = "<group>";
		};
		9431E09B2446FAC700E79F55 /* Refer */ = {
			isa = PBXGroup;
			children = (
				9431E0972446FAB100E79F55 /* ReferStoryboard.storyboard */,
				9431E0992446FAC000E79F55 /* ReferViewController.swift */,
			);
			path = Refer;
			sourceTree = "<group>";
		};
		9433C72E2445C6B20045F4A2 /* Orders */ = {
			isa = PBXGroup;
			children = (
				940E1D4224457B8E009AB382 /* OrderViewController.swift */,
				943A3F1F244ADFF600E2B6FC /* OrderTableViewCell.swift */,
			);
			path = Orders;
			sourceTree = "<group>";
		};
		9433C72F2445C6C20045F4A2 /* Offers */ = {
			isa = PBXGroup;
			children = (
				940E1D4424457BB1009AB382 /* offers.swift */,
				943A3F21244AF5D600E2B6FC /* OffersTableViewCell.swift */,
			);
			path = Offers;
			sourceTree = "<group>";
		};
		943A3F28244B029100E2B6FC /* ChangePassword */ = {
			isa = PBXGroup;
			children = (
				943A3F24244B026500E2B6FC /* ChangePasswordStoryboard.storyboard */,
				943A3F26244B028800E2B6FC /* ChangePasswordViewController.swift */,
			);
			path = ChangePassword;
			sourceTree = "<group>";
		};
		943A3F2D244B08AB00E2B6FC /* PrivacyPolicy */ = {
			isa = PBXGroup;
			children = (
				943A3F29244B089200E2B6FC /* PrivacyStoryboard.storyboard */,
				943A3F2B244B08A200E2B6FC /* PrivacyViewController.swift */,
			);
			path = PrivacyPolicy;
			sourceTree = "<group>";
		};
		944B09CE244C988C002A8AC3 /* ManageAddress */ = {
			isa = PBXGroup;
			children = (
				944B09CA244C9875002A8AC3 /* ManageAddressStoryboard.storyboard */,
				944B09CC244C9886002A8AC3 /* ManageAddressViewController.swift */,
				94B46143244D7F9E00AB53E9 /* ManageTableViewCell.swift */,
			);
			path = ManageAddress;
			sourceTree = "<group>";
		};
		944D36D62441A692003D73EA /* StoresList */ = {
			isa = PBXGroup;
			children = (
				944D36CF24419320003D73EA /* ListOfStoresStoryboard.storyboard */,
				944D36D124419347003D73EA /* ListOfStoresViewController.swift */,
				944D36D42441A652003D73EA /* CustomTableViewCell.swift */,
			);
			path = StoresList;
			sourceTree = "<group>";
		};
		944D36D72441C570003D73EA /* Fonts  */ = {
			isa = PBXGroup;
			children = (
				944D36D82441C58F003D73EA /* Roboto-Bold.ttf */,
				949CAB6A2450824100D25D9C /* JioType-Bold.ttf */,
				949CAB682450824000D25D9C /* JioType-Light.ttf */,
				949CAB692450824000D25D9C /* JioType-Medium.ttf */,
				944D36DA2441C58F003D73EA /* Roboto-Light.ttf */,
				944D36D92441C58F003D73EA /* Roboto-Medium.ttf */,
				944D36DB2441C58F003D73EA /* Roboto-Regular.ttf */,
			);
			path = "Fonts ";
			sourceTree = "<group>";
		};
		946A1253243DCF4700CABD78 /* Splashscreen */ = {
			isa = PBXGroup;
			children = (
				946A124F243DC8C300CABD78 /* initialViewController.swift */,
				946A124C243DC8B000CABD78 /* Slide.swift */,
				946A124B243DC8AF00CABD78 /* Slide.xib */,
				946A8A092452ABEE00673D83 /* IntialpageViewController.swift */,
			);
			path = Splashscreen;
			sourceTree = "<group>";
		};
		946A1254243DCF7100CABD78 /* SIgnup */ = {
			isa = PBXGroup;
			children = (
				9482FCE0243F46F800A238CF /* MobileLoginViewController.swift */,
				94F51E6024404D3A00AC8169 /* Extensions.swift */,
				183A0B31243C737A006A67DD /* OTPViewController.swift */,
			);
			path = SIgnup;
			sourceTree = "<group>";
		};
		9475DBA72442E22B00421D47 /* UserAccount */ = {
			isa = PBXGroup;
			children = (
				9475DBAE244301B400421D47 /* userProfileViewController.swift */,
				9475DBB024430C5100421D47 /* profileTableViewCell.swift */,
				94986EB524443B4F004F7A80 /* profileStoryboard.storyboard */,
				94986EB724443D6F004F7A80 /* userinfoTableViewController.swift */,
			);
			path = UserAccount;
			sourceTree = "<group>";
		};
		947E213724504E59004A8EC8 /* calender */ = {
			isa = PBXGroup;
			children = (
				947E214F245060D4004A8EC8 /* CalendarView.swift */,
			);
			path = calender;
			sourceTree = "<group>";
		};
		947F3F8D243F34FA00D61CFA /* TermsandCondtion */ = {
			isa = PBXGroup;
			children = (
				947F3F89243F341F00D61CFA /* TermsAndCondtion.storyboard */,
				947F3F8B243F34F400D61CFA /* TermsCondtionViewController.swift */,
			);
			path = TermsandCondtion;
			sourceTree = "<group>";
		};
		947F3F90243F438E00D61CFA /* Depending */ = {
			isa = PBXGroup;
			children = (
				94169B5724507DC6009CA17F /* Taglist */,
				947E213724504E59004A8EC8 /* calender */,
				942744002449B4B2001BEE95 /* segmentMenu */,
				9420BEC7244873D000CAF4B6 /* Slidemenu */,
				9420BEBD24484E2A00CAF4B6 /* TextView */,
				940E1D4624459C28009AB382 /* Extension */,
				9475DBB2244320F900421D47 /* Extensionss.swift */,
				94862A092450104A00F3BB06 /* Constant.swift */,
			);
			path = Depending;
			sourceTree = "<group>";
		};
		94B46149244D92FA00AB53E9 /* Cart */ = {
			isa = PBXGroup;
			children = (
				94B46145244D92D000AB53E9 /* CartStoryboard.storyboard */,
				94B46147244D92EB00AB53E9 /* AddCartViewController.swift */,
				94B4614A244D9BC200AB53E9 /* AddTableViewCell.swift */,
			);
			path = Cart;
			sourceTree = "<group>";
		};
		94E6F481244C5FD500EFC8AC /* DetectLocation */ = {
			isa = PBXGroup;
			children = (
				94E6F47F244C5FCA00EFC8AC /* DetectLocViewController.swift */,
				94E6F482244C61C000EFC8AC /* LocationStoryboard.storyboard */,
			);
			path = DetectLocation;
			sourceTree = "<group>";
		};
		94E947E72451B28200753699 /* shopbyt */ = {
			isa = PBXGroup;
			children = (
				94E947E32451B03C00753699 /* shopbyprViewController.swift */,
				945A1EE22449DC7100106B5C /* MyCustomCell.xib */,
				94633E8524546BF4003E3CEE /* UnderLineView.swift */,
				945A1EE42449DC8B00106B5C /* MyCustomCell.swift */,
				94E947E82451B2D000753699 /* rathna.png */,
				94E947E52451B05200753699 /* ShopbyStoryboard.storyboard */,
				94633E7F245469F8003E3CEE /* FirstTableViewController.swift */,
				94633E8124546A08003E3CEE /* SecondTableViewController.swift */,
				94633E8324546A17003E3CEE /* ThirdTableViewController.swift */,
			);
			path = shopbyt;
			sourceTree = "<group>";
		};
		94F51E6624408BF800AC8169 /* HomeTabviewContoller  */ = {
			isa = PBXGroup;
			children = (
				94F51E622440803A00AC8169 /* HomeStoryboard.storyboard */,
				942743B024497984001BEE95 /* itemsViewController.swift */,
				9431E08B2446E3D600E79F55 /* HomeNavigtionViewController.swift */,
				94F51E64244080C500AC8169 /* TabBarViewController.swift */,
			);
			path = "HomeTabviewContoller ";
			sourceTree = "<group>";
		};
		94F878C2244B37E9000C10A4 /* Settings */ = {
			isa = PBXGroup;
			children = (
				94F878BC244B37D7000C10A4 /* SettingViewController.swift */,
				94F878BE244B37D7000C10A4 /* SettingsTableViewCell.swift */,
				94F878BD244B37D7000C10A4 /* SettingStoryboard.storyboard */,
			);
			path = Settings;
			sourceTree = "<group>";
		};
/* End PBXGroup section */

/* Begin PBXNativeTarget section */
		1858E097243AF81800FC403E /* Kiraanacart */ = {
			isa = PBXNativeTarget;
			buildConfigurationList = 1858E0AC243AF81900FC403E /* Build configuration list for PBXNativeTarget "Kiraanacart" */;
			buildPhases = (
				EE66072312A8BF33BC76A328 /* [CP] Check Pods Manifest.lock */,
				1858E094243AF81800FC403E /* Sources */,
				1858E095243AF81800FC403E /* Frameworks */,
				1858E096243AF81800FC403E /* Resources */,
				21D1E58A48DA6B8FEB410C20 /* [CP] Embed Pods Frameworks */,
			);
			buildRules = (
			);
			dependencies = (
			);
			name = Kiraanacart;
			productName = Kiraanacart;
			productReference = 1858E098243AF81800FC403E /* Kiraanacart.app */;
			productType = "com.apple.product-type.application";
		};
/* End PBXNativeTarget section */

/* Begin PBXProject section */
		1858E090243AF81800FC403E /* Project object */ = {
			isa = PBXProject;
			attributes = {
				LastSwiftUpdateCheck = 1120;
				LastUpgradeCheck = 1120;
				ORGANIZATIONNAME = NibagoHomeServieces;
				TargetAttributes = {
					1858E097243AF81800FC403E = {
						CreatedOnToolsVersion = 11.2.1;
					};
				};
			};
			buildConfigurationList = 1858E093243AF81800FC403E /* Build configuration list for PBXProject "Kiraanacart" */;
			compatibilityVersion = "Xcode 9.3";
			developmentRegion = en;
			hasScannedForEncodings = 0;
			knownRegions = (
				en,
				Base,
			);
			mainGroup = 1858E08F243AF81800FC403E;
			productRefGroup = 1858E099243AF81800FC403E /* Products */;
			projectDirPath = "";
			projectRoot = "";
			targets = (
				1858E097243AF81800FC403E /* Kiraanacart */,
			);
		};
/* End PBXProject section */

/* Begin PBXResourcesBuildPhase section */
		1858E096243AF81800FC403E /* Resources */ = {
			isa = PBXResourcesBuildPhase;
			buildActionMask = 2147483647;
			files = (
				94E947E92451B2D000753699 /* rathna.png in Resources */,
				1858E0A8243AF81900FC403E /* LaunchScreen.storyboard in Resources */,
				94F878C0244B37D7000C10A4 /* SettingStoryboard.storyboard in Resources */,
				183A0B2E243B58B5006A67DD /* Assets.xcassets in Resources */,
				94F51E632440803A00AC8169 /* HomeStoryboard.storyboard in Resources */,
				9406E9C9245445FA0095DD7A /* TagCollectionCell.xib in Resources */,
				942A10C624517DF800B05C39 /* DelveryDetailsStoryboard.storyboard in Resources */,
				944B09CB244C9875002A8AC3 /* ManageAddressStoryboard.storyboard in Resources */,
				1858E0A3243AF81800FC403E /* Main.storyboard in Resources */,
				945A1EE32449DC7100106B5C /* MyCustomCell.xib in Resources */,
				94E947E62451B05200753699 /* ShopbyStoryboard.storyboard in Resources */,
				942AB09524559C5300184D7D /* LoginStoryboard.storyboard in Resources */,
				94B46146244D92D000AB53E9 /* CartStoryboard.storyboard in Resources */,
				942AB09724559C5300184D7D /* 200x200.png in Resources */,
				947F3F8A243F341F00D61CFA /* TermsAndCondtion.storyboard in Resources */,
				942A10C124517DA900B05C39 /* SlotDetailsStoryboard.storyboard in Resources */,
				9420BEAC244828A600CAF4B6 /* SupportStoryboard.storyboard in Resources */,
				94986EB624443B4F004F7A80 /* profileStoryboard.storyboard in Resources */,
				9431E0982446FAB100E79F55 /* ReferStoryboard.storyboard in Resources */,
				9426B62D244DBF50008BF6D9 /* CuponsStoryboard.storyboard in Resources */,
				941D0EB5244ECB2E0027E6FC /* OrderDetailsStoryboard.storyboard in Resources */,
				9431E0852446C9F000E79F55 /* WalletStoryboard.storyboard in Resources */,
				9420BEB124482A4900CAF4B6 /* NotificationStoryboard.storyboard in Resources */,
				943A3F25244B026500E2B6FC /* ChangePasswordStoryboard.storyboard in Resources */,
				946A124D243DC8B000CABD78 /* Slide.xib in Resources */,
				94E6F483244C61C000EFC8AC /* LocationStoryboard.storyboard in Resources */,
				942A10BC24517D0100B05C39 /* AddAddressStoryboard.storyboard in Resources */,
				943A3F2A244B089200E2B6FC /* PrivacyStoryboard.storyboard in Resources */,
				944D36D024419320003D73EA /* ListOfStoresStoryboard.storyboard in Resources */,
			);
			runOnlyForDeploymentPostprocessing = 0;
		};
/* End PBXResourcesBuildPhase section */

/* Begin PBXShellScriptBuildPhase section */
		21D1E58A48DA6B8FEB410C20 /* [CP] Embed Pods Frameworks */ = {
			isa = PBXShellScriptBuildPhase;
			buildActionMask = 2147483647;
			files = (
			);
			inputFileListPaths = (
				"${PODS_ROOT}/Target Support Files/Pods-Kiraanacart/Pods-Kiraanacart-frameworks-${CONFIGURATION}-input-files.xcfilelist",
			);
			name = "[CP] Embed Pods Frameworks";
			outputFileListPaths = (
				"${PODS_ROOT}/Target Support Files/Pods-Kiraanacart/Pods-Kiraanacart-frameworks-${CONFIGURATION}-output-files.xcfilelist",
			);
			runOnlyForDeploymentPostprocessing = 0;
			shellPath = /bin/sh;
			shellScript = "\"${PODS_ROOT}/Target Support Files/Pods-Kiraanacart/Pods-Kiraanacart-frameworks.sh\"\n";
			showEnvVarsInLog = 0;
		};
		EE66072312A8BF33BC76A328 /* [CP] Check Pods Manifest.lock */ = {
			isa = PBXShellScriptBuildPhase;
			buildActionMask = 2147483647;
			files = (
			);
			inputFileListPaths = (
			);
			inputPaths = (
				"${PODS_PODFILE_DIR_PATH}/Podfile.lock",
				"${PODS_ROOT}/Manifest.lock",
			);
			name = "[CP] Check Pods Manifest.lock";
			outputFileListPaths = (
			);
			outputPaths = (
				"$(DERIVED_FILE_DIR)/Pods-Kiraanacart-checkManifestLockResult.txt",
			);
			runOnlyForDeploymentPostprocessing = 0;
			shellPath = /bin/sh;
			shellScript = "diff \"${PODS_PODFILE_DIR_PATH}/Podfile.lock\" \"${PODS_ROOT}/Manifest.lock\" > /dev/null\nif [ $? != 0 ] ; then\n    # print error to STDERR\n    echo \"error: The sandbox is not in sync with the Podfile.lock. Run 'pod install' or update your CocoaPods installation.\" >&2\n    exit 1\nfi\n# This output is used by Xcode 'outputs' to avoid re-running this script phase.\necho \"SUCCESS\" > \"${SCRIPT_OUTPUT_FILE_0}\"\n";
			showEnvVarsInLog = 0;
		};
/* End PBXShellScriptBuildPhase section */

/* Begin PBXSourcesBuildPhase section */
		1858E094243AF81800FC403E /* Sources */ = {
			isa = PBXSourcesBuildPhase;
			buildActionMask = 2147483647;
			files = (
				942AB09824559C5300184D7D /* OtpViewController.swift in Sources */,
				942744632449BFD1001BEE95 /* SJShadow.swift in Sources */,
				942744642449BFD1001BEE95 /* SJUtil.swift in Sources */,
				941D0EB7244EDBCD0027E6FC /* OrderDetailsViewController.swift in Sources */,
				942AB09624559C5300184D7D /* LoginViewController.swift in Sources */,
				94E6F480244C5FCA00EFC8AC /* DetectLocViewController.swift in Sources */,
				9482FCE1243F46F800A238CF /* MobileLoginViewController.swift in Sources */,
				942A10C824517E0900B05C39 /* DeliveryDetailsViewController.swift in Sources */,
				942744672449BFD2001BEE95 /* SJContentView.swift in Sources */,
				942744682449BFD2001BEE95 /* SJSegmentedScrollView.swift in Sources */,
				183A0B32243C737A006A67DD /* OTPViewController.swift in Sources */,
				946A1250243DC8C400CABD78 /* initialViewController.swift in Sources */,
				942744652449BFD1001BEE95 /* SJSegmentTab.swift in Sources */,
				942AB09E24559CA400184D7D /* MainViewController.swift in Sources */,
				94B4614B244D9BC200AB53E9 /* AddTableViewCell.swift in Sources */,
				9406E9C5245445FA0095DD7A /* Theme.swift in Sources */,
				94328D1A244DD238005158FD /* CuponTableViewCell.swift in Sources */,
				94B46148244D92EB00AB53E9 /* AddCartViewController.swift in Sources */,
				9406E9C7245445FA0095DD7A /* TagCollectionCell.swift in Sources */,
				942A10C324517DCE00B05C39 /* SlotDetailsViewController.swift in Sources */,
				9431E08A2446CB5500E79F55 /* walletViewController.swift in Sources */,
				9475DBAF244301B400421D47 /* userProfileViewController.swift in Sources */,
				9420BEB624482DF600CAF4B6 /* NotificationTableViewCell.swift in Sources */,
				9420BEAE244828C800CAF4B6 /* SupportViewController.swift in Sources */,
				94862A0A2450104A00F3BB06 /* Constant.swift in Sources */,
				94F51E65244080C500AC8169 /* TabBarViewController.swift in Sources */,
				94986EB824443D6F004F7A80 /* userinfoTableViewController.swift in Sources */,
				9420BEB82448373D00CAF4B6 /* ContactusViewController.swift in Sources */,
				94E947E42451B03C00753699 /* shopbyprViewController.swift in Sources */,
				94633E8624546BF4003E3CEE /* UnderLineView.swift in Sources */,
				941D0EB9244EDC110027E6FC /* orderDetailsTableViewCell.swift in Sources */,
				943A3F2C244B08A200E2B6FC /* PrivacyViewController.swift in Sources */,
				944B2046244C521100A4BCEE /* CustomListCollectionViewCell.swift in Sources */,
				946A124E243DC8B000CABD78 /* Slide.swift in Sources */,
				942AB0A024559CA400184D7D /* ViewControllerPage2.swift in Sources */,
				94633E8224546A08003E3CEE /* SecondTableViewController.swift in Sources */,
				944B09CD244C9886002A8AC3 /* ManageAddressViewController.swift in Sources */,
				942744692449BFD2001BEE95 /* SJSegmentView.swift in Sources */,
				1858E09C243AF81800FC403E /* AppDelegate.swift in Sources */,
				940E1D4524457BB1009AB382 /* offers.swift in Sources */,
				9426B62F244DBF71008BF6D9 /* CuponsViewController.swift in Sources */,
				942AB09F24559CA400184D7D /* ViewControllerPage1.swift in Sources */,
				947E2150245060D5004A8EC8 /* CalendarView.swift in Sources */,
				942744662449BFD1001BEE95 /* SJSegmentedViewController.swift in Sources */,
				9406E9C6245445FA0095DD7A /* StringExtentions.swift in Sources */,
				94633E80245469F9003E3CEE /* FirstTableViewController.swift in Sources */,
				940E1D4324457B8E009AB382 /* OrderViewController.swift in Sources */,
				945A1EE52449DC8B00106B5C /* MyCustomCell.swift in Sources */,
				9420BEBC2448429200CAF4B6 /* KMPlaceholderTextView.swift in Sources */,
				9475DBB124430C5100421D47 /* profileTableViewCell.swift in Sources */,
				94B46144244D7F9E00AB53E9 /* ManageTableViewCell.swift in Sources */,
				943A3F20244ADFF600E2B6FC /* OrderTableViewCell.swift in Sources */,
				942A10BE24517D1200B05C39 /* AddAddressViewController.swift in Sources */,
				946A8A0A2452ABEE00673D83 /* IntialpageViewController.swift in Sources */,
				942743B124497984001BEE95 /* itemsViewController.swift in Sources */,
				947F3F8C243F34F400D61CFA /* TermsCondtionViewController.swift in Sources */,
				9431E09A2446FAC000E79F55 /* ReferViewController.swift in Sources */,
				9431E08C2446E3D600E79F55 /* HomeNavigtionViewController.swift in Sources */,
				94F51E6124404D3A00AC8169 /* Extensions.swift in Sources */,
				94633E8424546A17003E3CEE /* ThirdTableViewController.swift in Sources */,
				94F878C1244B37D7000C10A4 /* SettingsTableViewCell.swift in Sources */,
				9475DBB3244320F900421D47 /* Extensionss.swift in Sources */,
				9406E9C8245445FA0095DD7A /* TaglistCollection.swift in Sources */,
				944D36D52441A652003D73EA /* CustomTableViewCell.swift in Sources */,
				9406E9CA245445FA0095DD7A /* CloseButton.swift in Sources */,
				944D36D224419347003D73EA /* ListOfStoresViewController.swift in Sources */,
				9420BEB324482A5B00CAF4B6 /* NotificationViewController.swift in Sources */,
				943A3F22244AF5D600E2B6FC /* OffersTableViewCell.swift in Sources */,
				1858E09E243AF81800FC403E /* SceneDelegate.swift in Sources */,
				944B2044244C3C7E00A4BCEE /* HomepageViewController.swift in Sources */,
				942AB0A124559CA400184D7D /* ViewControllerPage3.swift in Sources */,
				94F878BF244B37D7000C10A4 /* SettingViewController.swift in Sources */,
				943A3F27244B028800E2B6FC /* ChangePasswordViewController.swift in Sources */,
			);
			runOnlyForDeploymentPostprocessing = 0;
		};
/* End PBXSourcesBuildPhase section */

/* Begin PBXVariantGroup section */
		1858E0A1243AF81800FC403E /* Main.storyboard */ = {
			isa = PBXVariantGroup;
			children = (
				1858E0A2243AF81800FC403E /* Base */,
			);
			name = Main.storyboard;
			sourceTree = "<group>";
		};
		1858E0A6243AF81900FC403E /* LaunchScreen.storyboard */ = {
			isa = PBXVariantGroup;
			children = (
				1858E0A7243AF81900FC403E /* Base */,
			);
			name = LaunchScreen.storyboard;
			sourceTree = "<group>";
		};
/* End PBXVariantGroup section */

/* Begin XCBuildConfiguration section */
		1858E0AA243AF81900FC403E /* Debug */ = {
			isa = XCBuildConfiguration;
			buildSettings = {
				ALWAYS_SEARCH_USER_PATHS = NO;
				CLANG_ANALYZER_NONNULL = YES;
				CLANG_ANALYZER_NUMBER_OBJECT_CONVERSION = YES_AGGRESSIVE;
				CLANG_CXX_LANGUAGE_STANDARD = "gnu++14";
				CLANG_CXX_LIBRARY = "libc++";
				CLANG_ENABLE_MODULES = YES;
				CLANG_ENABLE_OBJC_ARC = YES;
				CLANG_ENABLE_OBJC_WEAK = YES;
				CLANG_WARN_BLOCK_CAPTURE_AUTORELEASING = YES;
				CLANG_WARN_BOOL_CONVERSION = YES;
				CLANG_WARN_COMMA = YES;
				CLANG_WARN_CONSTANT_CONVERSION = YES;
				CLANG_WARN_DEPRECATED_OBJC_IMPLEMENTATIONS = YES;
				CLANG_WARN_DIRECT_OBJC_ISA_USAGE = YES_ERROR;
				CLANG_WARN_DOCUMENTATION_COMMENTS = YES;
				CLANG_WARN_EMPTY_BODY = YES;
				CLANG_WARN_ENUM_CONVERSION = YES;
				CLANG_WARN_INFINITE_RECURSION = YES;
				CLANG_WARN_INT_CONVERSION = YES;
				CLANG_WARN_NON_LITERAL_NULL_CONVERSION = YES;
				CLANG_WARN_OBJC_IMPLICIT_RETAIN_SELF = YES;
				CLANG_WARN_OBJC_LITERAL_CONVERSION = YES;
				CLANG_WARN_OBJC_ROOT_CLASS = YES_ERROR;
				CLANG_WARN_RANGE_LOOP_ANALYSIS = YES;
				CLANG_WARN_STRICT_PROTOTYPES = YES;
				CLANG_WARN_SUSPICIOUS_MOVE = YES;
				CLANG_WARN_UNGUARDED_AVAILABILITY = YES_AGGRESSIVE;
				CLANG_WARN_UNREACHABLE_CODE = YES;
				CLANG_WARN__DUPLICATE_METHOD_MATCH = YES;
				COPY_PHASE_STRIP = NO;
				DEBUG_INFORMATION_FORMAT = dwarf;
				ENABLE_STRICT_OBJC_MSGSEND = YES;
				ENABLE_TESTABILITY = YES;
				GCC_C_LANGUAGE_STANDARD = gnu11;
				GCC_DYNAMIC_NO_PIC = NO;
				GCC_NO_COMMON_BLOCKS = YES;
				GCC_OPTIMIZATION_LEVEL = 0;
				GCC_PREPROCESSOR_DEFINITIONS = (
					"DEBUG=1",
					"$(inherited)",
				);
				GCC_WARN_64_TO_32_BIT_CONVERSION = YES;
				GCC_WARN_ABOUT_RETURN_TYPE = YES_ERROR;
				GCC_WARN_UNDECLARED_SELECTOR = YES;
				GCC_WARN_UNINITIALIZED_AUTOS = YES_AGGRESSIVE;
				GCC_WARN_UNUSED_FUNCTION = YES;
				GCC_WARN_UNUSED_VARIABLE = YES;
				IPHONEOS_DEPLOYMENT_TARGET = 13.1;
				MTL_ENABLE_DEBUG_INFO = INCLUDE_SOURCE;
				MTL_FAST_MATH = YES;
				ONLY_ACTIVE_ARCH = YES;
				SDKROOT = iphoneos;
				SWIFT_ACTIVE_COMPILATION_CONDITIONS = DEBUG;
				SWIFT_OPTIMIZATION_LEVEL = "-Onone";
			};
			name = Debug;
		};
		1858E0AB243AF81900FC403E /* Release */ = {
			isa = XCBuildConfiguration;
			buildSettings = {
				ALWAYS_SEARCH_USER_PATHS = NO;
				CLANG_ANALYZER_NONNULL = YES;
				CLANG_ANALYZER_NUMBER_OBJECT_CONVERSION = YES_AGGRESSIVE;
				CLANG_CXX_LANGUAGE_STANDARD = "gnu++14";
				CLANG_CXX_LIBRARY = "libc++";
				CLANG_ENABLE_MODULES = YES;
				CLANG_ENABLE_OBJC_ARC = YES;
				CLANG_ENABLE_OBJC_WEAK = YES;
				CLANG_WARN_BLOCK_CAPTURE_AUTORELEASING = YES;
				CLANG_WARN_BOOL_CONVERSION = YES;
				CLANG_WARN_COMMA = YES;
				CLANG_WARN_CONSTANT_CONVERSION = YES;
				CLANG_WARN_DEPRECATED_OBJC_IMPLEMENTATIONS = YES;
				CLANG_WARN_DIRECT_OBJC_ISA_USAGE = YES_ERROR;
				CLANG_WARN_DOCUMENTATION_COMMENTS = YES;
				CLANG_WARN_EMPTY_BODY = YES;
				CLANG_WARN_ENUM_CONVERSION = YES;
				CLANG_WARN_INFINITE_RECURSION = YES;
				CLANG_WARN_INT_CONVERSION = YES;
				CLANG_WARN_NON_LITERAL_NULL_CONVERSION = YES;
				CLANG_WARN_OBJC_IMPLICIT_RETAIN_SELF = YES;
				CLANG_WARN_OBJC_LITERAL_CONVERSION = YES;
				CLANG_WARN_OBJC_ROOT_CLASS = YES_ERROR;
				CLANG_WARN_RANGE_LOOP_ANALYSIS = YES;
				CLANG_WARN_STRICT_PROTOTYPES = YES;
				CLANG_WARN_SUSPICIOUS_MOVE = YES;
				CLANG_WARN_UNGUARDED_AVAILABILITY = YES_AGGRESSIVE;
				CLANG_WARN_UNREACHABLE_CODE = YES;
				CLANG_WARN__DUPLICATE_METHOD_MATCH = YES;
				COPY_PHASE_STRIP = NO;
				DEBUG_INFORMATION_FORMAT = "dwarf-with-dsym";
				ENABLE_NS_ASSERTIONS = NO;
				ENABLE_STRICT_OBJC_MSGSEND = YES;
				GCC_C_LANGUAGE_STANDARD = gnu11;
				GCC_NO_COMMON_BLOCKS = YES;
				GCC_WARN_64_TO_32_BIT_CONVERSION = YES;
				GCC_WARN_ABOUT_RETURN_TYPE = YES_ERROR;
				GCC_WARN_UNDECLARED_SELECTOR = YES;
				GCC_WARN_UNINITIALIZED_AUTOS = YES_AGGRESSIVE;
				GCC_WARN_UNUSED_FUNCTION = YES;
				GCC_WARN_UNUSED_VARIABLE = YES;
				IPHONEOS_DEPLOYMENT_TARGET = 13.1;
				MTL_ENABLE_DEBUG_INFO = NO;
				MTL_FAST_MATH = YES;
				SDKROOT = iphoneos;
				SWIFT_COMPILATION_MODE = wholemodule;
				SWIFT_OPTIMIZATION_LEVEL = "-O";
				VALIDATE_PRODUCT = YES;
			};
			name = Release;
		};
		1858E0AD243AF81900FC403E /* Debug */ = {
			isa = XCBuildConfiguration;
			baseConfigurationReference = B2A0A2987C04AE16CD29C430 /* Pods-Kiraanacart.debug.xcconfig */;
			buildSettings = {
				ASSETCATALOG_COMPILER_APPICON_NAME = AppIcon;
				CODE_SIGN_STYLE = Automatic;
				DEVELOPMENT_TEAM = TYJ7GUDH48;
				INFOPLIST_FILE = Kiraanacart/Info.plist;
				LD_RUNPATH_SEARCH_PATHS = (
					"$(inherited)",
					"@executable_path/Frameworks",
				);
				PRODUCT_BUNDLE_IDENTIFIER = com.NibagoHomeServieces.Kiraanacart;
				PRODUCT_NAME = "$(TARGET_NAME)";
				SWIFT_VERSION = 5.0;
				TARGETED_DEVICE_FAMILY = "1,2";
			};
			name = Debug;
		};
		1858E0AE243AF81900FC403E /* Release */ = {
			isa = XCBuildConfiguration;
			baseConfigurationReference = 1ADEFCD10C3E2D87CDFEEB0B /* Pods-Kiraanacart.release.xcconfig */;
			buildSettings = {
				ASSETCATALOG_COMPILER_APPICON_NAME = AppIcon;
				CODE_SIGN_STYLE = Automatic;
				DEVELOPMENT_TEAM = TYJ7GUDH48;
				INFOPLIST_FILE = Kiraanacart/Info.plist;
				LD_RUNPATH_SEARCH_PATHS = (
					"$(inherited)",
					"@executable_path/Frameworks",
				);
				PRODUCT_BUNDLE_IDENTIFIER = com.NibagoHomeServieces.Kiraanacart;
				PRODUCT_NAME = "$(TARGET_NAME)";
				SWIFT_VERSION = 5.0;
				TARGETED_DEVICE_FAMILY = "1,2";
			};
			name = Release;
		};
/* End XCBuildConfiguration section */

/* Begin XCConfigurationList section */
		1858E093243AF81800FC403E /* Build configuration list for PBXProject "Kiraanacart" */ = {
			isa = XCConfigurationList;
			buildConfigurations = (
				1858E0AA243AF81900FC403E /* Debug */,
				1858E0AB243AF81900FC403E /* Release */,
			);
			defaultConfigurationIsVisible = 0;
			defaultConfigurationName = Release;
		};
		1858E0AC243AF81900FC403E /* Build configuration list for PBXNativeTarget "Kiraanacart" */ = {
			isa = XCConfigurationList;
			buildConfigurations = (
				1858E0AD243AF81900FC403E /* Debug */,
				1858E0AE243AF81900FC403E /* Release */,
			);
			defaultConfigurationIsVisible = 0;
			defaultConfigurationName = Release;
		};
/* End XCConfigurationList section */
	};
	rootObject = 1858E090243AF81800FC403E /* Project object */;
}
