// !$*UTF8*$!
{
	archiveVersion = 1;
	classes = {
	};
	objectVersion = 50;
	objects = {

/* Begin PBXBuildFile section */
		183A0B2E243B58B5006A67DD /* Assets.xcassets in Resources */ = {isa = PBXBuildFile; fileRef = 183A0B2D243B58B5006A67DD /* Assets.xcassets */; };
		183A0B30243C4003006A67DD /* UtilitiesAndDesign.swift in Sources */ = {isa = PBXBuildFile; fileRef = 183A0B2F243C4003006A67DD /* UtilitiesAndDesign.swift */; };
		183A0B32243C737A006A67DD /* OTPViewController.swift in Sources */ = {isa = PBXBuildFile; fileRef = 183A0B31243C737A006A67DD /* OTPViewController.swift */; };
		1858E09C243AF81800FC403E /* AppDelegate.swift in Sources */ = {isa = PBXBuildFile; fileRef = 1858E09B243AF81800FC403E /* AppDelegate.swift */; };
		1858E09E243AF81800FC403E /* SceneDelegate.swift in Sources */ = {isa = PBXBuildFile; fileRef = 1858E09D243AF81800FC403E /* SceneDelegate.swift */; };
		1858E0A3243AF81800FC403E /* Main.storyboard in Resources */ = {isa = PBXBuildFile; fileRef = 1858E0A1243AF81800FC403E /* Main.storyboard */; };
		1858E0A8243AF81900FC403E /* LaunchScreen.storyboard in Resources */ = {isa = PBXBuildFile; fileRef = 1858E0A6243AF81900FC403E /* LaunchScreen.storyboard */; };
		940E1D4324457B8E009AB382 /* OrderViewController.swift in Sources */ = {isa = PBXBuildFile; fileRef = 940E1D4224457B8E009AB382 /* OrderViewController.swift */; };
		940E1D4524457BB1009AB382 /* OffersViewController.swift in Sources */ = {isa = PBXBuildFile; fileRef = 940E1D4424457BB1009AB382 /* OffersViewController.swift */; };
		940E1D4E24459CAB009AB382 /* HomeCustomTableViewCell.swift in Sources */ = {isa = PBXBuildFile; fileRef = 940E1D4D24459CAB009AB382 /* HomeCustomTableViewCell.swift */; };
		942E2E81244728F700795FE9 /* SettingsTableViewCell.swift in Sources */ = {isa = PBXBuildFile; fileRef = 942E2E80244728F700795FE9 /* SettingsTableViewCell.swift */; };
		9431E0852446C9F000E79F55 /* WalletStoryboard.storyboard in Resources */ = {isa = PBXBuildFile; fileRef = 9431E0842446C9F000E79F55 /* WalletStoryboard.storyboard */; };
		9431E08A2446CB5500E79F55 /* walletViewController.swift in Sources */ = {isa = PBXBuildFile; fileRef = 9431E0892446CB5500E79F55 /* walletViewController.swift */; };
		9431E08C2446E3D600E79F55 /* HomeNavigtionViewController.swift in Sources */ = {isa = PBXBuildFile; fileRef = 9431E08B2446E3D600E79F55 /* HomeNavigtionViewController.swift */; };
		9431E0982446FAB100E79F55 /* ReferStoryboard.storyboard in Resources */ = {isa = PBXBuildFile; fileRef = 9431E0972446FAB100E79F55 /* ReferStoryboard.storyboard */; };
		9431E09A2446FAC000E79F55 /* ReferViewController.swift in Sources */ = {isa = PBXBuildFile; fileRef = 9431E0992446FAC000E79F55 /* ReferViewController.swift */; };
		9431E0A42446FE9000E79F55 /* SettingStoryboard.storyboard in Resources */ = {isa = PBXBuildFile; fileRef = 9431E0A32446FE9000E79F55 /* SettingStoryboard.storyboard */; };
		9431E0A62446FEA000E79F55 /* SettingViewController.swift in Sources */ = {isa = PBXBuildFile; fileRef = 9431E0A52446FEA000E79F55 /* SettingViewController.swift */; };
		9433C7352445D1660045F4A2 /* CustomListCollectionViewCell.swift in Sources */ = {isa = PBXBuildFile; fileRef = 9433C7342445D1660045F4A2 /* CustomListCollectionViewCell.swift */; };
		944D36CE2441929D003D73EA /* HomeViewController.swift in Sources */ = {isa = PBXBuildFile; fileRef = 944D36CD2441929D003D73EA /* HomeViewController.swift */; };
		944D36D024419320003D73EA /* ListOfStoresStoryboard.storyboard in Resources */ = {isa = PBXBuildFile; fileRef = 944D36CF24419320003D73EA /* ListOfStoresStoryboard.storyboard */; };
		944D36D224419347003D73EA /* ListOfStoresViewController.swift in Sources */ = {isa = PBXBuildFile; fileRef = 944D36D124419347003D73EA /* ListOfStoresViewController.swift */; };
		944D36D52441A652003D73EA /* CustomTableViewCell.swift in Sources */ = {isa = PBXBuildFile; fileRef = 944D36D42441A652003D73EA /* CustomTableViewCell.swift */; };
		946A124D243DC8B000CABD78 /* Slide.xib in Resources */ = {isa = PBXBuildFile; fileRef = 946A124B243DC8AF00CABD78 /* Slide.xib */; };
		946A124E243DC8B000CABD78 /* Slide.swift in Sources */ = {isa = PBXBuildFile; fileRef = 946A124C243DC8B000CABD78 /* Slide.swift */; };
		946A1250243DC8C400CABD78 /* initialViewController.swift in Sources */ = {isa = PBXBuildFile; fileRef = 946A124F243DC8C300CABD78 /* initialViewController.swift */; };
		9475DBAF244301B400421D47 /* userProfileViewController.swift in Sources */ = {isa = PBXBuildFile; fileRef = 9475DBAE244301B400421D47 /* userProfileViewController.swift */; };
		9475DBB124430C5100421D47 /* profileTableViewCell.swift in Sources */ = {isa = PBXBuildFile; fileRef = 9475DBB024430C5100421D47 /* profileTableViewCell.swift */; };
		9475DBB3244320F900421D47 /* SupportExtensions.swift in Sources */ = {isa = PBXBuildFile; fileRef = 9475DBB2244320F900421D47 /* SupportExtensions.swift */; };
		947F3F86243EE3F700D61CFA /* Constants .swift in Sources */ = {isa = PBXBuildFile; fileRef = 947F3F85243EE3F700D61CFA /* Constants .swift */; };
		947F3F8A243F341F00D61CFA /* TermsAndCondtion.storyboard in Resources */ = {isa = PBXBuildFile; fileRef = 947F3F89243F341F00D61CFA /* TermsAndCondtion.storyboard */; };
		947F3F8C243F34F400D61CFA /* TermsCondtionViewController.swift in Sources */ = {isa = PBXBuildFile; fileRef = 947F3F8B243F34F400D61CFA /* TermsCondtionViewController.swift */; };
		9482FCE1243F46F800A238CF /* MobileLoginViewController.swift in Sources */ = {isa = PBXBuildFile; fileRef = 9482FCE0243F46F800A238CF /* MobileLoginViewController.swift */; };
		94986EB624443B4F004F7A80 /* profileStoryboard.storyboard in Resources */ = {isa = PBXBuildFile; fileRef = 94986EB524443B4F004F7A80 /* profileStoryboard.storyboard */; };
		94986EB824443D6F004F7A80 /* userinfoTableViewController.swift in Sources */ = {isa = PBXBuildFile; fileRef = 94986EB724443D6F004F7A80 /* userinfoTableViewController.swift */; };
		94F51E6124404D3A00AC8169 /* Extensions.swift in Sources */ = {isa = PBXBuildFile; fileRef = 94F51E6024404D3A00AC8169 /* Extensions.swift */; };
		94F51E632440803A00AC8169 /* HomeStoryboard.storyboard in Resources */ = {isa = PBXBuildFile; fileRef = 94F51E622440803A00AC8169 /* HomeStoryboard.storyboard */; };
		94F51E65244080C500AC8169 /* TabBarViewController.swift in Sources */ = {isa = PBXBuildFile; fileRef = 94F51E64244080C500AC8169 /* TabBarViewController.swift */; };
/* End PBXBuildFile section */

/* Begin PBXFileReference section */
		183A0B2D243B58B5006A67DD /* Assets.xcassets */ = {isa = PBXFileReference; lastKnownFileType = folder.assetcatalog; path = Assets.xcassets; sourceTree = "<group>"; };
		183A0B2F243C4003006A67DD /* UtilitiesAndDesign.swift */ = {isa = PBXFileReference; lastKnownFileType = sourcecode.swift; path = UtilitiesAndDesign.swift; sourceTree = "<group>"; };
		183A0B31243C737A006A67DD /* OTPViewController.swift */ = {isa = PBXFileReference; lastKnownFileType = sourcecode.swift; path = OTPViewController.swift; sourceTree = "<group>"; };
		1858E098243AF81800FC403E /* Kiraanacart.app */ = {isa = PBXFileReference; explicitFileType = wrapper.application; includeInIndex = 0; path = Kiraanacart.app; sourceTree = BUILT_PRODUCTS_DIR; };
		1858E09B243AF81800FC403E /* AppDelegate.swift */ = {isa = PBXFileReference; lastKnownFileType = sourcecode.swift; path = AppDelegate.swift; sourceTree = "<group>"; };
		1858E09D243AF81800FC403E /* SceneDelegate.swift */ = {isa = PBXFileReference; lastKnownFileType = sourcecode.swift; path = SceneDelegate.swift; sourceTree = "<group>"; };
		1858E0A2243AF81800FC403E /* Base */ = {isa = PBXFileReference; lastKnownFileType = file.storyboard; name = Base; path = Base.lproj/Main.storyboard; sourceTree = "<group>"; };
		1858E0A7243AF81900FC403E /* Base */ = {isa = PBXFileReference; lastKnownFileType = file.storyboard; name = Base; path = Base.lproj/LaunchScreen.storyboard; sourceTree = "<group>"; };
		1858E0A9243AF81900FC403E /* Info.plist */ = {isa = PBXFileReference; lastKnownFileType = text.plist.xml; path = Info.plist; sourceTree = "<group>"; };
		940E1D4224457B8E009AB382 /* OrderViewController.swift */ = {isa = PBXFileReference; lastKnownFileType = sourcecode.swift; path = OrderViewController.swift; sourceTree = "<group>"; };
		940E1D4424457BB1009AB382 /* OffersViewController.swift */ = {isa = PBXFileReference; lastKnownFileType = sourcecode.swift; path = OffersViewController.swift; sourceTree = "<group>"; };
		940E1D4D24459CAB009AB382 /* HomeCustomTableViewCell.swift */ = {isa = PBXFileReference; lastKnownFileType = sourcecode.swift; path = HomeCustomTableViewCell.swift; sourceTree = "<group>"; };
		942E2E80244728F700795FE9 /* SettingsTableViewCell.swift */ = {isa = PBXFileReference; lastKnownFileType = sourcecode.swift; path = SettingsTableViewCell.swift; sourceTree = "<group>"; };
		9431E0842446C9F000E79F55 /* WalletStoryboard.storyboard */ = {isa = PBXFileReference; lastKnownFileType = file.storyboard; path = WalletStoryboard.storyboard; sourceTree = "<group>"; };
		9431E0892446CB5500E79F55 /* walletViewController.swift */ = {isa = PBXFileReference; lastKnownFileType = sourcecode.swift; path = walletViewController.swift; sourceTree = "<group>"; };
		9431E08B2446E3D600E79F55 /* HomeNavigtionViewController.swift */ = {isa = PBXFileReference; lastKnownFileType = sourcecode.swift; path = HomeNavigtionViewController.swift; sourceTree = "<group>"; };
		9431E0972446FAB100E79F55 /* ReferStoryboard.storyboard */ = {isa = PBXFileReference; lastKnownFileType = file.storyboard; path = ReferStoryboard.storyboard; sourceTree = "<group>"; };
		9431E0992446FAC000E79F55 /* ReferViewController.swift */ = {isa = PBXFileReference; lastKnownFileType = sourcecode.swift; path = ReferViewController.swift; sourceTree = "<group>"; };
		9431E0A32446FE9000E79F55 /* SettingStoryboard.storyboard */ = {isa = PBXFileReference; lastKnownFileType = file.storyboard; path = SettingStoryboard.storyboard; sourceTree = "<group>"; };
		9431E0A52446FEA000E79F55 /* SettingViewController.swift */ = {isa = PBXFileReference; lastKnownFileType = sourcecode.swift; path = SettingViewController.swift; sourceTree = "<group>"; };
		9433C7342445D1660045F4A2 /* CustomListCollectionViewCell.swift */ = {isa = PBXFileReference; lastKnownFileType = sourcecode.swift; path = CustomListCollectionViewCell.swift; sourceTree = "<group>"; };
		944D36CD2441929D003D73EA /* HomeViewController.swift */ = {isa = PBXFileReference; lastKnownFileType = sourcecode.swift; path = HomeViewController.swift; sourceTree = "<group>"; };
		944D36CF24419320003D73EA /* ListOfStoresStoryboard.storyboard */ = {isa = PBXFileReference; lastKnownFileType = file.storyboard; path = ListOfStoresStoryboard.storyboard; sourceTree = "<group>"; };
		944D36D124419347003D73EA /* ListOfStoresViewController.swift */ = {isa = PBXFileReference; lastKnownFileType = sourcecode.swift; path = ListOfStoresViewController.swift; sourceTree = "<group>"; };
		944D36D42441A652003D73EA /* CustomTableViewCell.swift */ = {isa = PBXFileReference; lastKnownFileType = sourcecode.swift; path = CustomTableViewCell.swift; sourceTree = "<group>"; };
		944D36D82441C58F003D73EA /* Roboto-Bold.ttf */ = {isa = PBXFileReference; lastKnownFileType = file; path = "Roboto-Bold.ttf"; sourceTree = "<group>"; };
		944D36D92441C58F003D73EA /* Roboto-Medium.ttf */ = {isa = PBXFileReference; lastKnownFileType = file; path = "Roboto-Medium.ttf"; sourceTree = "<group>"; };
		944D36DA2441C58F003D73EA /* Roboto-Light.ttf */ = {isa = PBXFileReference; lastKnownFileType = file; path = "Roboto-Light.ttf"; sourceTree = "<group>"; };
		944D36DB2441C58F003D73EA /* Roboto-Regular.ttf */ = {isa = PBXFileReference; lastKnownFileType = file; path = "Roboto-Regular.ttf"; sourceTree = "<group>"; };
		946A124B243DC8AF00CABD78 /* Slide.xib */ = {isa = PBXFileReference; fileEncoding = 4; lastKnownFileType = file.xib; path = Slide.xib; sourceTree = "<group>"; };
		946A124C243DC8B000CABD78 /* Slide.swift */ = {isa = PBXFileReference; fileEncoding = 4; lastKnownFileType = sourcecode.swift; path = Slide.swift; sourceTree = "<group>"; };
		946A124F243DC8C300CABD78 /* initialViewController.swift */ = {isa = PBXFileReference; fileEncoding = 4; lastKnownFileType = sourcecode.swift; path = initialViewController.swift; sourceTree = "<group>"; };
		9475DBAE244301B400421D47 /* userProfileViewController.swift */ = {isa = PBXFileReference; lastKnownFileType = sourcecode.swift; path = userProfileViewController.swift; sourceTree = "<group>"; };
		9475DBB024430C5100421D47 /* profileTableViewCell.swift */ = {isa = PBXFileReference; lastKnownFileType = sourcecode.swift; path = profileTableViewCell.swift; sourceTree = "<group>"; };
		9475DBB2244320F900421D47 /* SupportExtensions.swift */ = {isa = PBXFileReference; lastKnownFileType = sourcecode.swift; path = SupportExtensions.swift; sourceTree = "<group>"; };
		947F3F85243EE3F700D61CFA /* Constants .swift */ = {isa = PBXFileReference; lastKnownFileType = sourcecode.swift; path = "Constants .swift"; sourceTree = "<group>"; };
		947F3F89243F341F00D61CFA /* TermsAndCondtion.storyboard */ = {isa = PBXFileReference; lastKnownFileType = file.storyboard; path = TermsAndCondtion.storyboard; sourceTree = "<group>"; };
		947F3F8B243F34F400D61CFA /* TermsCondtionViewController.swift */ = {isa = PBXFileReference; lastKnownFileType = sourcecode.swift; path = TermsCondtionViewController.swift; sourceTree = "<group>"; };
		9482FCE0243F46F800A238CF /* MobileLoginViewController.swift */ = {isa = PBXFileReference; lastKnownFileType = sourcecode.swift; path = MobileLoginViewController.swift; sourceTree = "<group>"; };
		94986EB524443B4F004F7A80 /* profileStoryboard.storyboard */ = {isa = PBXFileReference; lastKnownFileType = file.storyboard; path = profileStoryboard.storyboard; sourceTree = "<group>"; };
		94986EB724443D6F004F7A80 /* userinfoTableViewController.swift */ = {isa = PBXFileReference; lastKnownFileType = sourcecode.swift; path = userinfoTableViewController.swift; sourceTree = "<group>"; };
		94F51E6024404D3A00AC8169 /* Extensions.swift */ = {isa = PBXFileReference; lastKnownFileType = sourcecode.swift; path = Extensions.swift; sourceTree = "<group>"; };
		94F51E622440803A00AC8169 /* HomeStoryboard.storyboard */ = {isa = PBXFileReference; lastKnownFileType = file.storyboard; path = HomeStoryboard.storyboard; sourceTree = "<group>"; };
		94F51E64244080C500AC8169 /* TabBarViewController.swift */ = {isa = PBXFileReference; lastKnownFileType = sourcecode.swift; path = TabBarViewController.swift; sourceTree = "<group>"; };
/* End PBXFileReference section */

/* Begin PBXFrameworksBuildPhase section */
		1858E095243AF81800FC403E /* Frameworks */ = {
			isa = PBXFrameworksBuildPhase;
			buildActionMask = 2147483647;
			files = (
			);
			runOnlyForDeploymentPostprocessing = 0;
		};
/* End PBXFrameworksBuildPhase section */

/* Begin PBXGroup section */
		1858E08F243AF81800FC403E = {
			isa = PBXGroup;
			children = (
				1858E09A243AF81800FC403E /* Kiraanacart */,
				1858E099243AF81800FC403E /* Products */,
			);
			sourceTree = "<group>";
		};
		1858E099243AF81800FC403E /* Products */ = {
			isa = PBXGroup;
			children = (
				1858E098243AF81800FC403E /* Kiraanacart.app */,
			);
			name = Products;
			sourceTree = "<group>";
		};
		1858E09A243AF81800FC403E /* Kiraanacart */ = {
			isa = PBXGroup;
			children = (
				1858E09B243AF81800FC403E /* AppDelegate.swift */,
				1858E09D243AF81800FC403E /* SceneDelegate.swift */,
				9431E0A22446FB9D00E79F55 /* Settings */,
				9431E09B2446FAC700E79F55 /* Refer */,
				9431E0882446CA1C00E79F55 /* Wallet */,
				9433C72F2445C6C20045F4A2 /* Offers */,
				9433C72E2445C6B20045F4A2 /* Orders */,
				940E1D4F24459CCA009AB382 /* MainHome */,
				9475DBA72442E22B00421D47 /* Profile */,
				944D36D62441A692003D73EA /* ListOfStores */,
				94F51E6624408BF800AC8169 /* TabviewContoller  */,
				947F3F8D243F34FA00D61CFA /* TermsandCondtion */,
				946A1253243DCF4700CABD78 /* IntialView */,
				946A1254243DCF7100CABD78 /* SIgnup */,
				947F3F90243F438E00D61CFA /* Depending */,
				944D36D72441C570003D73EA /* Fonts  */,
				183A0B2D243B58B5006A67DD /* Assets.xcassets */,
				1858E0A1243AF81800FC403E /* Main.storyboard */,
				1858E0A6243AF81900FC403E /* LaunchScreen.storyboard */,
				1858E0A9243AF81900FC403E /* Info.plist */,
			);
			path = Kiraanacart;
			sourceTree = "<group>";
		};
		940E1D4624459C28009AB382 /* DepndingFrameworks */ = {
			isa = PBXGroup;
			children = (
			);
			path = DepndingFrameworks;
			sourceTree = "<group>";
		};
		940E1D4F24459CCA009AB382 /* MainHome */ = {
			isa = PBXGroup;
			children = (
				944D36CD2441929D003D73EA /* HomeViewController.swift */,
				940E1D4D24459CAB009AB382 /* HomeCustomTableViewCell.swift */,
				9433C7342445D1660045F4A2 /* CustomListCollectionViewCell.swift */,
			);
			path = MainHome;
			sourceTree = "<group>";
		};
		9431E0882446CA1C00E79F55 /* Wallet */ = {
			isa = PBXGroup;
			children = (
				9431E0892446CB5500E79F55 /* walletViewController.swift */,
				9431E0842446C9F000E79F55 /* WalletStoryboard.storyboard */,
			);
			path = Wallet;
			sourceTree = "<group>";
		};
		9431E09B2446FAC700E79F55 /* Refer */ = {
			isa = PBXGroup;
			children = (
				9431E0972446FAB100E79F55 /* ReferStoryboard.storyboard */,
				9431E0992446FAC000E79F55 /* ReferViewController.swift */,
			);
			path = Refer;
			sourceTree = "<group>";
		};
		9431E0A22446FB9D00E79F55 /* Settings */ = {
			isa = PBXGroup;
			children = (
				9431E0A32446FE9000E79F55 /* SettingStoryboard.storyboard */,
				9431E0A52446FEA000E79F55 /* SettingViewController.swift */,
				942E2E80244728F700795FE9 /* SettingsTableViewCell.swift */,
			);
			name = Settings;
			path = Profile/Settings;
			sourceTree = "<group>";
		};
		9433C72E2445C6B20045F4A2 /* Orders */ = {
			isa = PBXGroup;
			children = (
				940E1D4224457B8E009AB382 /* OrderViewController.swift */,
			);
			path = Orders;
			sourceTree = "<group>";
		};
		9433C72F2445C6C20045F4A2 /* Offers */ = {
			isa = PBXGroup;
			children = (
				940E1D4424457BB1009AB382 /* OffersViewController.swift */,
			);
			path = Offers;
			sourceTree = "<group>";
		};
		944D36D62441A692003D73EA /* ListOfStores */ = {
			isa = PBXGroup;
			children = (
				944D36CF24419320003D73EA /* ListOfStoresStoryboard.storyboard */,
				944D36D124419347003D73EA /* ListOfStoresViewController.swift */,
				944D36D42441A652003D73EA /* CustomTableViewCell.swift */,
			);
			path = ListOfStores;
			sourceTree = "<group>";
		};
		944D36D72441C570003D73EA /* Fonts  */ = {
			isa = PBXGroup;
			children = (
				944D36D82441C58F003D73EA /* Roboto-Bold.ttf */,
				944D36DA2441C58F003D73EA /* Roboto-Light.ttf */,
				944D36D92441C58F003D73EA /* Roboto-Medium.ttf */,
				944D36DB2441C58F003D73EA /* Roboto-Regular.ttf */,
			);
			path = "Fonts ";
			sourceTree = "<group>";
		};
		946A1253243DCF4700CABD78 /* IntialView */ = {
			isa = PBXGroup;
			children = (
				946A124F243DC8C300CABD78 /* initialViewController.swift */,
				946A124C243DC8B000CABD78 /* Slide.swift */,
				946A124B243DC8AF00CABD78 /* Slide.xib */,
			);
			path = IntialView;
			sourceTree = "<group>";
		};
		946A1254243DCF7100CABD78 /* SIgnup */ = {
			isa = PBXGroup;
			children = (
				9482FCE0243F46F800A238CF /* MobileLoginViewController.swift */,
				94F51E6024404D3A00AC8169 /* Extensions.swift */,
				183A0B2F243C4003006A67DD /* UtilitiesAndDesign.swift */,
				183A0B31243C737A006A67DD /* OTPViewController.swift */,
			);
			path = SIgnup;
			sourceTree = "<group>";
		};
		9475DBA72442E22B00421D47 /* Profile */ = {
			isa = PBXGroup;
			children = (
				9475DBAE244301B400421D47 /* userProfileViewController.swift */,
				9475DBB024430C5100421D47 /* profileTableViewCell.swift */,
				94986EB524443B4F004F7A80 /* profileStoryboard.storyboard */,
				94986EB724443D6F004F7A80 /* userinfoTableViewController.swift */,
			);
			path = Profile;
			sourceTree = "<group>";
		};
		947F3F8D243F34FA00D61CFA /* TermsandCondtion */ = {
			isa = PBXGroup;
			children = (
				947F3F89243F341F00D61CFA /* TermsAndCondtion.storyboard */,
				947F3F8B243F34F400D61CFA /* TermsCondtionViewController.swift */,
			);
			path = TermsandCondtion;
			sourceTree = "<group>";
		};
		947F3F90243F438E00D61CFA /* Depending */ = {
			isa = PBXGroup;
			children = (
				940E1D4624459C28009AB382 /* DepndingFrameworks */,
				9475DBB2244320F900421D47 /* SupportExtensions.swift */,
				947F3F85243EE3F700D61CFA /* Constants .swift */,
			);
			path = Depending;
			sourceTree = "<group>";
		};
		94F51E6624408BF800AC8169 /* TabviewContoller  */ = {
			isa = PBXGroup;
			children = (
				94F51E622440803A00AC8169 /* HomeStoryboard.storyboard */,
				9431E08B2446E3D600E79F55 /* HomeNavigtionViewController.swift */,
				94F51E64244080C500AC8169 /* TabBarViewController.swift */,
			);
			path = "TabviewContoller ";
			sourceTree = "<group>";
		};
/* End PBXGroup section */

/* Begin PBXNativeTarget section */
		1858E097243AF81800FC403E /* Kiraanacart */ = {
			isa = PBXNativeTarget;
			buildConfigurationList = 1858E0AC243AF81900FC403E /* Build configuration list for PBXNativeTarget "Kiraanacart" */;
			buildPhases = (
				1858E094243AF81800FC403E /* Sources */,
				1858E095243AF81800FC403E /* Frameworks */,
				1858E096243AF81800FC403E /* Resources */,
			);
			buildRules = (
			);
			dependencies = (
			);
			name = Kiraanacart;
			productName = Kiraanacart;
			productReference = 1858E098243AF81800FC403E /* Kiraanacart.app */;
			productType = "com.apple.product-type.application";
		};
/* End PBXNativeTarget section */

/* Begin PBXProject section */
		1858E090243AF81800FC403E /* Project object */ = {
			isa = PBXProject;
			attributes = {
				LastSwiftUpdateCheck = 1120;
				LastUpgradeCheck = 1120;
				ORGANIZATIONNAME = NibagoHomeServieces;
				TargetAttributes = {
					1858E097243AF81800FC403E = {
						CreatedOnToolsVersion = 11.2.1;
					};
				};
			};
			buildConfigurationList = 1858E093243AF81800FC403E /* Build configuration list for PBXProject "Kiraanacart" */;
			compatibilityVersion = "Xcode 9.3";
			developmentRegion = en;
			hasScannedForEncodings = 0;
			knownRegions = (
				en,
				Base,
			);
			mainGroup = 1858E08F243AF81800FC403E;
			productRefGroup = 1858E099243AF81800FC403E /* Products */;
			projectDirPath = "";
			projectRoot = "";
			targets = (
				1858E097243AF81800FC403E /* Kiraanacart */,
			);
		};
/* End PBXProject section */

/* Begin PBXResourcesBuildPhase section */
		1858E096243AF81800FC403E /* Resources */ = {
			isa = PBXResourcesBuildPhase;
			buildActionMask = 2147483647;
			files = (
				1858E0A8243AF81900FC403E /* LaunchScreen.storyboard in Resources */,
				183A0B2E243B58B5006A67DD /* Assets.xcassets in Resources */,
				94F51E632440803A00AC8169 /* HomeStoryboard.storyboard in Resources */,
				1858E0A3243AF81800FC403E /* Main.storyboard in Resources */,
				947F3F8A243F341F00D61CFA /* TermsAndCondtion.storyboard in Resources */,
				94986EB624443B4F004F7A80 /* profileStoryboard.storyboard in Resources */,
				9431E0982446FAB100E79F55 /* ReferStoryboard.storyboard in Resources */,
				9431E0852446C9F000E79F55 /* WalletStoryboard.storyboard in Resources */,
				9431E0A42446FE9000E79F55 /* SettingStoryboard.storyboard in Resources */,
				946A124D243DC8B000CABD78 /* Slide.xib in Resources */,
				944D36D024419320003D73EA /* ListOfStoresStoryboard.storyboard in Resources */,
			);
			runOnlyForDeploymentPostprocessing = 0;
		};
/* End PBXResourcesBuildPhase section */

/* Begin PBXSourcesBuildPhase section */
		1858E094243AF81800FC403E /* Sources */ = {
			isa = PBXSourcesBuildPhase;
			buildActionMask = 2147483647;
			files = (
				9482FCE1243F46F800A238CF /* MobileLoginViewController.swift in Sources */,
				183A0B32243C737A006A67DD /* OTPViewController.swift in Sources */,
				946A1250243DC8C400CABD78 /* initialViewController.swift in Sources */,
				183A0B30243C4003006A67DD /* UtilitiesAndDesign.swift in Sources */,
				9431E08A2446CB5500E79F55 /* walletViewController.swift in Sources */,
				9475DBAF244301B400421D47 /* userProfileViewController.swift in Sources */,
				94F51E65244080C500AC8169 /* TabBarViewController.swift in Sources */,
				9433C7352445D1660045F4A2 /* CustomListCollectionViewCell.swift in Sources */,
				94986EB824443D6F004F7A80 /* userinfoTableViewController.swift in Sources */,
				946A124E243DC8B000CABD78 /* Slide.swift in Sources */,
				1858E09C243AF81800FC403E /* AppDelegate.swift in Sources */,
				940E1D4524457BB1009AB382 /* OffersViewController.swift in Sources */,
				947F3F86243EE3F700D61CFA /* Constants .swift in Sources */,
				940E1D4324457B8E009AB382 /* OrderViewController.swift in Sources */,
				940E1D4E24459CAB009AB382 /* HomeCustomTableViewCell.swift in Sources */,
				9475DBB124430C5100421D47 /* profileTableViewCell.swift in Sources */,
				947F3F8C243F34F400D61CFA /* TermsCondtionViewController.swift in Sources */,
				9431E09A2446FAC000E79F55 /* ReferViewController.swift in Sources */,
				942E2E81244728F700795FE9 /* SettingsTableViewCell.swift in Sources */,
				9431E08C2446E3D600E79F55 /* HomeNavigtionViewController.swift in Sources */,
				94F51E6124404D3A00AC8169 /* Extensions.swift in Sources */,
				9475DBB3244320F900421D47 /* SupportExtensions.swift in Sources */,
				944D36D52441A652003D73EA /* CustomTableViewCell.swift in Sources */,
				944D36D224419347003D73EA /* ListOfStoresViewController.swift in Sources */,
				9431E0A62446FEA000E79F55 /* SettingViewController.swift in Sources */,
				1858E09E243AF81800FC403E /* SceneDelegate.swift in Sources */,
				944D36CE2441929D003D73EA /* HomeViewController.swift in Sources */,
			);
			runOnlyForDeploymentPostprocessing = 0;
		};
/* End PBXSourcesBuildPhase section */

/* Begin PBXVariantGroup section */
		1858E0A1243AF81800FC403E /* Main.storyboard */ = {
			isa = PBXVariantGroup;
			children = (
				1858E0A2243AF81800FC403E /* Base */,
			);
			name = Main.storyboard;
			sourceTree = "<group>";
		};
		1858E0A6243AF81900FC403E /* LaunchScreen.storyboard */ = {
			isa = PBXVariantGroup;
			children = (
				1858E0A7243AF81900FC403E /* Base */,
			);
			name = LaunchScreen.storyboard;
			sourceTree = "<group>";
		};
/* End PBXVariantGroup section */

/* Begin XCBuildConfiguration section */
		1858E0AA243AF81900FC403E /* Debug */ = {
			isa = XCBuildConfiguration;
			buildSettings = {
				ALWAYS_SEARCH_USER_PATHS = NO;
				CLANG_ANALYZER_NONNULL = YES;
				CLANG_ANALYZER_NUMBER_OBJECT_CONVERSION = YES_AGGRESSIVE;
				CLANG_CXX_LANGUAGE_STANDARD = "gnu++14";
				CLANG_CXX_LIBRARY = "libc++";
				CLANG_ENABLE_MODULES = YES;
				CLANG_ENABLE_OBJC_ARC = YES;
				CLANG_ENABLE_OBJC_WEAK = YES;
				CLANG_WARN_BLOCK_CAPTURE_AUTORELEASING = YES;
				CLANG_WARN_BOOL_CONVERSION = YES;
				CLANG_WARN_COMMA = YES;
				CLANG_WARN_CONSTANT_CONVERSION = YES;
				CLANG_WARN_DEPRECATED_OBJC_IMPLEMENTATIONS = YES;
				CLANG_WARN_DIRECT_OBJC_ISA_USAGE = YES_ERROR;
				CLANG_WARN_DOCUMENTATION_COMMENTS = YES;
				CLANG_WARN_EMPTY_BODY = YES;
				CLANG_WARN_ENUM_CONVERSION = YES;
				CLANG_WARN_INFINITE_RECURSION = YES;
				CLANG_WARN_INT_CONVERSION = YES;
				CLANG_WARN_NON_LITERAL_NULL_CONVERSION = YES;
				CLANG_WARN_OBJC_IMPLICIT_RETAIN_SELF = YES;
				CLANG_WARN_OBJC_LITERAL_CONVERSION = YES;
				CLANG_WARN_OBJC_ROOT_CLASS = YES_ERROR;
				CLANG_WARN_RANGE_LOOP_ANALYSIS = YES;
				CLANG_WARN_STRICT_PROTOTYPES = YES;
				CLANG_WARN_SUSPICIOUS_MOVE = YES;
				CLANG_WARN_UNGUARDED_AVAILABILITY = YES_AGGRESSIVE;
				CLANG_WARN_UNREACHABLE_CODE = YES;
				CLANG_WARN__DUPLICATE_METHOD_MATCH = YES;
				COPY_PHASE_STRIP = NO;
				DEBUG_INFORMATION_FORMAT = dwarf;
				ENABLE_STRICT_OBJC_MSGSEND = YES;
				ENABLE_TESTABILITY = YES;
				GCC_C_LANGUAGE_STANDARD = gnu11;
				GCC_DYNAMIC_NO_PIC = NO;
				GCC_NO_COMMON_BLOCKS = YES;
				GCC_OPTIMIZATION_LEVEL = 0;
				GCC_PREPROCESSOR_DEFINITIONS = (
					"DEBUG=1",
					"$(inherited)",
				);
				GCC_WARN_64_TO_32_BIT_CONVERSION = YES;
				GCC_WARN_ABOUT_RETURN_TYPE = YES_ERROR;
				GCC_WARN_UNDECLARED_SELECTOR = YES;
				GCC_WARN_UNINITIALIZED_AUTOS = YES_AGGRESSIVE;
				GCC_WARN_UNUSED_FUNCTION = YES;
				GCC_WARN_UNUSED_VARIABLE = YES;
				IPHONEOS_DEPLOYMENT_TARGET = 13.1;
				MTL_ENABLE_DEBUG_INFO = INCLUDE_SOURCE;
				MTL_FAST_MATH = YES;
				ONLY_ACTIVE_ARCH = YES;
				SDKROOT = iphoneos;
				SWIFT_ACTIVE_COMPILATION_CONDITIONS = DEBUG;
				SWIFT_OPTIMIZATION_LEVEL = "-Onone";
			};
			name = Debug;
		};
		1858E0AB243AF81900FC403E /* Release */ = {
			isa = XCBuildConfiguration;
			buildSettings = {
				ALWAYS_SEARCH_USER_PATHS = NO;
				CLANG_ANALYZER_NONNULL = YES;
				CLANG_ANALYZER_NUMBER_OBJECT_CONVERSION = YES_AGGRESSIVE;
				CLANG_CXX_LANGUAGE_STANDARD = "gnu++14";
				CLANG_CXX_LIBRARY = "libc++";
				CLANG_ENABLE_MODULES = YES;
				CLANG_ENABLE_OBJC_ARC = YES;
				CLANG_ENABLE_OBJC_WEAK = YES;
				CLANG_WARN_BLOCK_CAPTURE_AUTORELEASING = YES;
				CLANG_WARN_BOOL_CONVERSION = YES;
				CLANG_WARN_COMMA = YES;
				CLANG_WARN_CONSTANT_CONVERSION = YES;
				CLANG_WARN_DEPRECATED_OBJC_IMPLEMENTATIONS = YES;
				CLANG_WARN_DIRECT_OBJC_ISA_USAGE = YES_ERROR;
				CLANG_WARN_DOCUMENTATION_COMMENTS = YES;
				CLANG_WARN_EMPTY_BODY = YES;
				CLANG_WARN_ENUM_CONVERSION = YES;
				CLANG_WARN_INFINITE_RECURSION = YES;
				CLANG_WARN_INT_CONVERSION = YES;
				CLANG_WARN_NON_LITERAL_NULL_CONVERSION = YES;
				CLANG_WARN_OBJC_IMPLICIT_RETAIN_SELF = YES;
				CLANG_WARN_OBJC_LITERAL_CONVERSION = YES;
				CLANG_WARN_OBJC_ROOT_CLASS = YES_ERROR;
				CLANG_WARN_RANGE_LOOP_ANALYSIS = YES;
				CLANG_WARN_STRICT_PROTOTYPES = YES;
				CLANG_WARN_SUSPICIOUS_MOVE = YES;
				CLANG_WARN_UNGUARDED_AVAILABILITY = YES_AGGRESSIVE;
				CLANG_WARN_UNREACHABLE_CODE = YES;
				CLANG_WARN__DUPLICATE_METHOD_MATCH = YES;
				COPY_PHASE_STRIP = NO;
				DEBUG_INFORMATION_FORMAT = "dwarf-with-dsym";
				ENABLE_NS_ASSERTIONS = NO;
				ENABLE_STRICT_OBJC_MSGSEND = YES;
				GCC_C_LANGUAGE_STANDARD = gnu11;
				GCC_NO_COMMON_BLOCKS = YES;
				GCC_WARN_64_TO_32_BIT_CONVERSION = YES;
				GCC_WARN_ABOUT_RETURN_TYPE = YES_ERROR;
				GCC_WARN_UNDECLARED_SELECTOR = YES;
				GCC_WARN_UNINITIALIZED_AUTOS = YES_AGGRESSIVE;
				GCC_WARN_UNUSED_FUNCTION = YES;
				GCC_WARN_UNUSED_VARIABLE = YES;
				IPHONEOS_DEPLOYMENT_TARGET = 13.1;
				MTL_ENABLE_DEBUG_INFO = NO;
				MTL_FAST_MATH = YES;
				SDKROOT = iphoneos;
				SWIFT_COMPILATION_MODE = wholemodule;
				SWIFT_OPTIMIZATION_LEVEL = "-O";
				VALIDATE_PRODUCT = YES;
			};
			name = Release;
		};
		1858E0AD243AF81900FC403E /* Debug */ = {
			isa = XCBuildConfiguration;
			buildSettings = {
				ASSETCATALOG_COMPILER_APPICON_NAME = AppIcon;
				CODE_SIGN_STYLE = Automatic;
				DEVELOPMENT_TEAM = TYJ7GUDH48;
				INFOPLIST_FILE = Kiraanacart/Info.plist;
				LD_RUNPATH_SEARCH_PATHS = (
					"$(inherited)",
					"@executable_path/Frameworks",
				);
				PRODUCT_BUNDLE_IDENTIFIER = com.NibagoHomeServieces.Kiraanacart;
				PRODUCT_NAME = "$(TARGET_NAME)";
				SWIFT_VERSION = 5.0;
				TARGETED_DEVICE_FAMILY = "1,2";
			};
			name = Debug;
		};
		1858E0AE243AF81900FC403E /* Release */ = {
			isa = XCBuildConfiguration;
			buildSettings = {
				ASSETCATALOG_COMPILER_APPICON_NAME = AppIcon;
				CODE_SIGN_STYLE = Automatic;
				DEVELOPMENT_TEAM = TYJ7GUDH48;
				INFOPLIST_FILE = Kiraanacart/Info.plist;
				LD_RUNPATH_SEARCH_PATHS = (
					"$(inherited)",
					"@executable_path/Frameworks",
				);
				PRODUCT_BUNDLE_IDENTIFIER = com.NibagoHomeServieces.Kiraanacart;
				PRODUCT_NAME = "$(TARGET_NAME)";
				SWIFT_VERSION = 5.0;
				TARGETED_DEVICE_FAMILY = "1,2";
			};
			name = Release;
		};
/* End XCBuildConfiguration section */

/* Begin XCConfigurationList section */
		1858E093243AF81800FC403E /* Build configuration list for PBXProject "Kiraanacart" */ = {
			isa = XCConfigurationList;
			buildConfigurations = (
				1858E0AA243AF81900FC403E /* Debug */,
				1858E0AB243AF81900FC403E /* Release */,
			);
			defaultConfigurationIsVisible = 0;
			defaultConfigurationName = Release;
		};
		1858E0AC243AF81900FC403E /* Build configuration list for PBXNativeTarget "Kiraanacart" */ = {
			isa = XCConfigurationList;
			buildConfigurations = (
				1858E0AD243AF81900FC403E /* Debug */,
				1858E0AE243AF81900FC403E /* Release */,
			);
			defaultConfigurationIsVisible = 0;
			defaultConfigurationName = Release;
		};
/* End XCConfigurationList section */
	};
	rootObject = 1858E090243AF81800FC403E /* Project object */;
}
